
Microsoft Visual Studio Solution File, Format Version 12.00
# Visual Studio Version 17
VisualStudioVersion = 17.9.34607.119
MinimumVisualStudioVersion = 10.0.40219.1
Project("{9A19103F-16F7-4668-BE54-9A1E7A4F7556}") = "merge_sorted_array", "merge_sorted_array\merge_sorted_array.csproj", "{9A6A4F52-5928-4AF4-AB58-41819D1A1E0B}"
EndProject
Project("{9A19103F-16F7-4668-BE54-9A1E7A4F7556}") = "bubble_sort", "bubble_sort\bubble_sort.csproj", "{4A9ADBC2-3694-42CB-A3DD-9C9E66FC82B0}"
EndProject
Project("{9A19103F-16F7-4668-BE54-9A1E7A4F7556}") = "InsertSort", "InsertSort\InsertSort.csproj", "{AFB7B7B4-2A69-4173-9FE2-AD487CED17B7}"
EndProject
Project("{9A19103F-16F7-4668-BE54-9A1E7A4F7556}") = "RemoveElements", "RemoveElements\RemoveElements.csproj", "{11B1CDC8-2B2D-4688-8271-05604230CED8}"
EndProject
Project("{9A19103F-16F7-4668-BE54-9A1E7A4F7556}") = "RemoveDuplicatesFromSortedArray", "RemoveDuplicatesFromSortedArray\RemoveDuplicatesFromSortedArray.csproj", "{37542C14-37E2-4AC1-BDB0-1A331FF1E0A5}"
EndProject
Project("{9A19103F-16F7-4668-BE54-9A1E7A4F7556}") = "MajorityElement", "MajorityElement\MajorityElement.csproj", "{F956BB64-876A-46D8-962B-722E2BE88F53}"
EndProject
Project("{9A19103F-16F7-4668-BE54-9A1E7A4F7556}") = "BestTimetoBuyandSellStock", "BestTimetoBuyandSellStock\BestTimetoBuyandSellStock.csproj", "{10C7813F-057A-458C-B4F9-26B0044C407A}"
EndProject
Project("{9A19103F-16F7-4668-BE54-9A1E7A4F7556}") = "RomantoInteger", "RomantoInteger\RomantoInteger.csproj", "{14D307CA-FAF6-4FC5-A792-0C9036CEDB53}"
EndProject
Project("{9A19103F-16F7-4668-BE54-9A1E7A4F7556}") = "LengthOfLastWord", "LengthOfLastWord\LengthOfLastWord.csproj", "{6D182F4E-1AF2-4474-A01C-E3B2C7B7291E}"
EndProject
Project("{9A19103F-16F7-4668-BE54-9A1E7A4F7556}") = "LongestCommonPrefix", "LongestCommonPrefix\LongestCommonPrefix.csproj", "{921C2ACC-1E0A-4CB8-B65D-06A368C93F3C}"
EndProject
Project("{9A19103F-16F7-4668-BE54-9A1E7A4F7556}") = "IndexofTheFirstOccurenceInString", "IndexofTheFirstOccurenceInString\IndexofTheFirstOccurenceInString.csproj", "{E045DF3E-681C-4DFF-AEFD-C1749CD72793}"
EndProject
Project("{9A19103F-16F7-4668-BE54-9A1E7A4F7556}") = "IsPalindrome", "IsPalindrome\IsPalindrome.csproj", "{0B275EAC-8FF0-4CEF-A5F6-BB0DE3D8F19A}"
EndProject
Project("{9A19103F-16F7-4668-BE54-9A1E7A4F7556}") = "IsSubsequence", "IsSubsequence\IsSubsequence.csproj", "{364D449D-DD22-475A-8718-D1A384C11488}"
EndProject
Project("{9A19103F-16F7-4668-BE54-9A1E7A4F7556}") = "RansomNote", "RansomNote\RansomNote.csproj", "{45FE1C87-5816-4DE7-A7FD-C2855C442999}"
EndProject
Project("{9A19103F-16F7-4668-BE54-9A1E7A4F7556}") = "IsIsomorphic", "IsIsomorphic\IsIsomorphic.csproj", "{4A07F74B-B87B-4811-83E0-6813676FFBD1}"
EndProject
Project("{9A19103F-16F7-4668-BE54-9A1E7A4F7556}") = "WordPattern", "WordPattern\WordPattern.csproj", "{A10D5DC3-B75C-43BA-8DF1-2D05C639E04D}"
EndProject
Project("{9A19103F-16F7-4668-BE54-9A1E7A4F7556}") = "ValidAnagram", "ValidAnagram\ValidAnagram.csproj", "{7CC1385C-450D-41EA-9F9A-72D924EE2D26}"
EndProject
Project("{9A19103F-16F7-4668-BE54-9A1E7A4F7556}") = "TwoSum", "TwoSum\TwoSum.csproj", "{36D0860B-8C45-44A5-AAEC-361C556B5509}"
EndProject
Project("{9A19103F-16F7-4668-BE54-9A1E7A4F7556}") = "HappyNumber", "HappyNumber\HappyNumber.csproj", "{99BBBFC6-813F-4996-B5C6-7CF03DF98C80}"
EndProject
Project("{9A19103F-16F7-4668-BE54-9A1E7A4F7556}") = "ContainsDuplicateII", "ContainsDuplicateII\ContainsDuplicateII.csproj", "{69893606-E0A2-468E-81A9-EB536F8F9EBF}"
EndProject
Project("{9A19103F-16F7-4668-BE54-9A1E7A4F7556}") = "SummaryRanges", "SummaryRanges\SummaryRanges.csproj", "{58343109-1FFA-4234-820B-374B918A71F4}"
EndProject
Project("{9A19103F-16F7-4668-BE54-9A1E7A4F7556}") = "ValidParentheses", "ValidParentheses\ValidParentheses.csproj", "{F7FBEFD2-A3F5-47C8-8ECA-238908CD3C6D}"
EndProject
Project("{FAE04EC0-301F-11D3-BF4B-00C04F79EFBC}") = "LinkedListCycle", "LinkedListCycle\LinkedListCycle.csproj", "{4B25B3C9-0CEC-4F05-AEB1-6994041F3627}"
EndProject
Project("{FAE04EC0-301F-11D3-BF4B-00C04F79EFBC}") = "MergeTwoSortedLists", "MergeTwoSortedLists\MergeTwoSortedLists.csproj", "{A1C6294D-7D19-424E-BC1A-EE1E28C4CF97}"
EndProject
Global
	GlobalSection(SolutionConfigurationPlatforms) = preSolution
		Debug|Any CPU = Debug|Any CPU
		Release|Any CPU = Release|Any CPU
	EndGlobalSection
	GlobalSection(ProjectConfigurationPlatforms) = postSolution
		{9A6A4F52-5928-4AF4-AB58-41819D1A1E0B}.Debug|Any CPU.ActiveCfg = Debug|Any CPU
		{9A6A4F52-5928-4AF4-AB58-41819D1A1E0B}.Debug|Any CPU.Build.0 = Debug|Any CPU
		{9A6A4F52-5928-4AF4-AB58-41819D1A1E0B}.Release|Any CPU.ActiveCfg = Release|Any CPU
		{9A6A4F52-5928-4AF4-AB58-41819D1A1E0B}.Release|Any CPU.Build.0 = Release|Any CPU
		{4A9ADBC2-3694-42CB-A3DD-9C9E66FC82B0}.Debug|Any CPU.ActiveCfg = Debug|Any CPU
		{4A9ADBC2-3694-42CB-A3DD-9C9E66FC82B0}.Debug|Any CPU.Build.0 = Debug|Any CPU
		{4A9ADBC2-3694-42CB-A3DD-9C9E66FC82B0}.Release|Any CPU.ActiveCfg = Release|Any CPU
		{4A9ADBC2-3694-42CB-A3DD-9C9E66FC82B0}.Release|Any CPU.Build.0 = Release|Any CPU
		{AFB7B7B4-2A69-4173-9FE2-AD487CED17B7}.Debug|Any CPU.ActiveCfg = Debug|Any CPU
		{AFB7B7B4-2A69-4173-9FE2-AD487CED17B7}.Debug|Any CPU.Build.0 = Debug|Any CPU
		{AFB7B7B4-2A69-4173-9FE2-AD487CED17B7}.Release|Any CPU.ActiveCfg = Release|Any CPU
		{AFB7B7B4-2A69-4173-9FE2-AD487CED17B7}.Release|Any CPU.Build.0 = Release|Any CPU
		{11B1CDC8-2B2D-4688-8271-05604230CED8}.Debug|Any CPU.ActiveCfg = Debug|Any CPU
		{11B1CDC8-2B2D-4688-8271-05604230CED8}.Debug|Any CPU.Build.0 = Debug|Any CPU
		{11B1CDC8-2B2D-4688-8271-05604230CED8}.Release|Any CPU.ActiveCfg = Release|Any CPU
		{11B1CDC8-2B2D-4688-8271-05604230CED8}.Release|Any CPU.Build.0 = Release|Any CPU
		{37542C14-37E2-4AC1-BDB0-1A331FF1E0A5}.Debug|Any CPU.ActiveCfg = Debug|Any CPU
		{37542C14-37E2-4AC1-BDB0-1A331FF1E0A5}.Debug|Any CPU.Build.0 = Debug|Any CPU
		{37542C14-37E2-4AC1-BDB0-1A331FF1E0A5}.Release|Any CPU.ActiveCfg = Release|Any CPU
		{37542C14-37E2-4AC1-BDB0-1A331FF1E0A5}.Release|Any CPU.Build.0 = Release|Any CPU
		{F956BB64-876A-46D8-962B-722E2BE88F53}.Debug|Any CPU.ActiveCfg = Debug|Any CPU
		{F956BB64-876A-46D8-962B-722E2BE88F53}.Debug|Any CPU.Build.0 = Debug|Any CPU
		{F956BB64-876A-46D8-962B-722E2BE88F53}.Release|Any CPU.ActiveCfg = Release|Any CPU
		{F956BB64-876A-46D8-962B-722E2BE88F53}.Release|Any CPU.Build.0 = Release|Any CPU
		{10C7813F-057A-458C-B4F9-26B0044C407A}.Debug|Any CPU.ActiveCfg = Debug|Any CPU
		{10C7813F-057A-458C-B4F9-26B0044C407A}.Debug|Any CPU.Build.0 = Debug|Any CPU
		{10C7813F-057A-458C-B4F9-26B0044C407A}.Release|Any CPU.ActiveCfg = Release|Any CPU
		{10C7813F-057A-458C-B4F9-26B0044C407A}.Release|Any CPU.Build.0 = Release|Any CPU
		{14D307CA-FAF6-4FC5-A792-0C9036CEDB53}.Debug|Any CPU.ActiveCfg = Debug|Any CPU
		{14D307CA-FAF6-4FC5-A792-0C9036CEDB53}.Debug|Any CPU.Build.0 = Debug|Any CPU
		{14D307CA-FAF6-4FC5-A792-0C9036CEDB53}.Release|Any CPU.ActiveCfg = Release|Any CPU
		{14D307CA-FAF6-4FC5-A792-0C9036CEDB53}.Release|Any CPU.Build.0 = Release|Any CPU
		{6D182F4E-1AF2-4474-A01C-E3B2C7B7291E}.Debug|Any CPU.ActiveCfg = Debug|Any CPU
		{6D182F4E-1AF2-4474-A01C-E3B2C7B7291E}.Debug|Any CPU.Build.0 = Debug|Any CPU
		{6D182F4E-1AF2-4474-A01C-E3B2C7B7291E}.Release|Any CPU.ActiveCfg = Release|Any CPU
		{6D182F4E-1AF2-4474-A01C-E3B2C7B7291E}.Release|Any CPU.Build.0 = Release|Any CPU
		{921C2ACC-1E0A-4CB8-B65D-06A368C93F3C}.Debug|Any CPU.ActiveCfg = Debug|Any CPU
		{921C2ACC-1E0A-4CB8-B65D-06A368C93F3C}.Debug|Any CPU.Build.0 = Debug|Any CPU
		{921C2ACC-1E0A-4CB8-B65D-06A368C93F3C}.Release|Any CPU.ActiveCfg = Release|Any CPU
		{921C2ACC-1E0A-4CB8-B65D-06A368C93F3C}.Release|Any CPU.Build.0 = Release|Any CPU
		{E045DF3E-681C-4DFF-AEFD-C1749CD72793}.Debug|Any CPU.ActiveCfg = Debug|Any CPU
		{E045DF3E-681C-4DFF-AEFD-C1749CD72793}.Debug|Any CPU.Build.0 = Debug|Any CPU
		{E045DF3E-681C-4DFF-AEFD-C1749CD72793}.Release|Any CPU.ActiveCfg = Release|Any CPU
		{E045DF3E-681C-4DFF-AEFD-C1749CD72793}.Release|Any CPU.Build.0 = Release|Any CPU
		{0B275EAC-8FF0-4CEF-A5F6-BB0DE3D8F19A}.Debug|Any CPU.ActiveCfg = Debug|Any CPU
		{0B275EAC-8FF0-4CEF-A5F6-BB0DE3D8F19A}.Debug|Any CPU.Build.0 = Debug|Any CPU
		{0B275EAC-8FF0-4CEF-A5F6-BB0DE3D8F19A}.Release|Any CPU.ActiveCfg = Release|Any CPU
		{0B275EAC-8FF0-4CEF-A5F6-BB0DE3D8F19A}.Release|Any CPU.Build.0 = Release|Any CPU
		{364D449D-DD22-475A-8718-D1A384C11488}.Debug|Any CPU.ActiveCfg = Debug|Any CPU
		{364D449D-DD22-475A-8718-D1A384C11488}.Debug|Any CPU.Build.0 = Debug|Any CPU
		{364D449D-DD22-475A-8718-D1A384C11488}.Release|Any CPU.ActiveCfg = Release|Any CPU
		{364D449D-DD22-475A-8718-D1A384C11488}.Release|Any CPU.Build.0 = Release|Any CPU
		{45FE1C87-5816-4DE7-A7FD-C2855C442999}.Debug|Any CPU.ActiveCfg = Debug|Any CPU
		{45FE1C87-5816-4DE7-A7FD-C2855C442999}.Debug|Any CPU.Build.0 = Debug|Any CPU
		{45FE1C87-5816-4DE7-A7FD-C2855C442999}.Release|Any CPU.ActiveCfg = Release|Any CPU
		{45FE1C87-5816-4DE7-A7FD-C2855C442999}.Release|Any CPU.Build.0 = Release|Any CPU
		{4A07F74B-B87B-4811-83E0-6813676FFBD1}.Debug|Any CPU.ActiveCfg = Debug|Any CPU
		{4A07F74B-B87B-4811-83E0-6813676FFBD1}.Debug|Any CPU.Build.0 = Debug|Any CPU
		{4A07F74B-B87B-4811-83E0-6813676FFBD1}.Release|Any CPU.ActiveCfg = Release|Any CPU
		{4A07F74B-B87B-4811-83E0-6813676FFBD1}.Release|Any CPU.Build.0 = Release|Any CPU
		{A10D5DC3-B75C-43BA-8DF1-2D05C639E04D}.Debug|Any CPU.ActiveCfg = Debug|Any CPU
		{A10D5DC3-B75C-43BA-8DF1-2D05C639E04D}.Debug|Any CPU.Build.0 = Debug|Any CPU
		{A10D5DC3-B75C-43BA-8DF1-2D05C639E04D}.Release|Any CPU.ActiveCfg = Release|Any CPU
		{A10D5DC3-B75C-43BA-8DF1-2D05C639E04D}.Release|Any CPU.Build.0 = Release|Any CPU
		{7CC1385C-450D-41EA-9F9A-72D924EE2D26}.Debug|Any CPU.ActiveCfg = Debug|Any CPU
		{7CC1385C-450D-41EA-9F9A-72D924EE2D26}.Debug|Any CPU.Build.0 = Debug|Any CPU
		{7CC1385C-450D-41EA-9F9A-72D924EE2D26}.Release|Any CPU.ActiveCfg = Release|Any CPU
		{7CC1385C-450D-41EA-9F9A-72D924EE2D26}.Release|Any CPU.Build.0 = Release|Any CPU
		{36D0860B-8C45-44A5-AAEC-361C556B5509}.Debug|Any CPU.ActiveCfg = Debug|Any CPU
		{36D0860B-8C45-44A5-AAEC-361C556B5509}.Debug|Any CPU.Build.0 = Debug|Any CPU
		{36D0860B-8C45-44A5-AAEC-361C556B5509}.Release|Any CPU.ActiveCfg = Release|Any CPU
		{36D0860B-8C45-44A5-AAEC-361C556B5509}.Release|Any CPU.Build.0 = Release|Any CPU
		{99BBBFC6-813F-4996-B5C6-7CF03DF98C80}.Debug|Any CPU.ActiveCfg = Debug|Any CPU
		{99BBBFC6-813F-4996-B5C6-7CF03DF98C80}.Debug|Any CPU.Build.0 = Debug|Any CPU
		{99BBBFC6-813F-4996-B5C6-7CF03DF98C80}.Release|Any CPU.ActiveCfg = Release|Any CPU
		{99BBBFC6-813F-4996-B5C6-7CF03DF98C80}.Release|Any CPU.Build.0 = Release|Any CPU
		{69893606-E0A2-468E-81A9-EB536F8F9EBF}.Debug|Any CPU.ActiveCfg = Debug|Any CPU
		{69893606-E0A2-468E-81A9-EB536F8F9EBF}.Debug|Any CPU.Build.0 = Debug|Any CPU
		{69893606-E0A2-468E-81A9-EB536F8F9EBF}.Release|Any CPU.ActiveCfg = Release|Any CPU
		{69893606-E0A2-468E-81A9-EB536F8F9EBF}.Release|Any CPU.Build.0 = Release|Any CPU
		{58343109-1FFA-4234-820B-374B918A71F4}.Debug|Any CPU.ActiveCfg = Debug|Any CPU
		{58343109-1FFA-4234-820B-374B918A71F4}.Debug|Any CPU.Build.0 = Debug|Any CPU
		{58343109-1FFA-4234-820B-374B918A71F4}.Release|Any CPU.ActiveCfg = Release|Any CPU
		{58343109-1FFA-4234-820B-374B918A71F4}.Release|Any CPU.Build.0 = Release|Any CPU
		{F7FBEFD2-A3F5-47C8-8ECA-238908CD3C6D}.Debug|Any CPU.ActiveCfg = Debug|Any CPU
		{F7FBEFD2-A3F5-47C8-8ECA-238908CD3C6D}.Debug|Any CPU.Build.0 = Debug|Any CPU
		{F7FBEFD2-A3F5-47C8-8ECA-238908CD3C6D}.Release|Any CPU.ActiveCfg = Release|Any CPU
		{F7FBEFD2-A3F5-47C8-8ECA-238908CD3C6D}.Release|Any CPU.Build.0 = Release|Any CPU
		{4B25B3C9-0CEC-4F05-AEB1-6994041F3627}.Debug|Any CPU.ActiveCfg = Debug|Any CPU
		{4B25B3C9-0CEC-4F05-AEB1-6994041F3627}.Debug|Any CPU.Build.0 = Debug|Any CPU
		{4B25B3C9-0CEC-4F05-AEB1-6994041F3627}.Release|Any CPU.ActiveCfg = Release|Any CPU
		{4B25B3C9-0CEC-4F05-AEB1-6994041F3627}.Release|Any CPU.Build.0 = Release|Any CPU
		{A1C6294D-7D19-424E-BC1A-EE1E28C4CF97}.Debug|Any CPU.ActiveCfg = Debug|Any CPU
		{A1C6294D-7D19-424E-BC1A-EE1E28C4CF97}.Debug|Any CPU.Build.0 = Debug|Any CPU
		{A1C6294D-7D19-424E-BC1A-EE1E28C4CF97}.Release|Any CPU.ActiveCfg = Release|Any CPU
		{A1C6294D-7D19-424E-BC1A-EE1E28C4CF97}.Release|Any CPU.Build.0 = Release|Any CPU
	EndGlobalSection
	GlobalSection(SolutionProperties) = preSolution
		HideSolutionNode = FALSE
	EndGlobalSection
	GlobalSection(ExtensibilityGlobals) = postSolution
		SolutionGuid = {0758B656-06DF-4611-BC34-0F972463BC02}
	EndGlobalSection
EndGlobal
