
Microsoft Visual Studio Solution File, Format Version 12.00
# Visual Studio Version 17
VisualStudioVersion = 17.9.34607.119
MinimumVisualStudioVersion = 10.0.40219.1
Project("{9A19103F-16F7-4668-BE54-9A1E7A4F7556}") = "merge_sorted_array", "merge_sorted_array\merge_sorted_array.csproj", "{9A6A4F52-5928-4AF4-AB58-41819D1A1E0B}"
EndProject
Project("{9A19103F-16F7-4668-BE54-9A1E7A4F7556}") = "bubble_sort", "bubble_sort\bubble_sort.csproj", "{4A9ADBC2-3694-42CB-A3DD-9C9E66FC82B0}"
EndProject
Project("{9A19103F-16F7-4668-BE54-9A1E7A4F7556}") = "InsertSort", "InsertSort\InsertSort.csproj", "{AFB7B7B4-2A69-4173-9FE2-AD487CED17B7}"
EndProject
Project("{9A19103F-16F7-4668-BE54-9A1E7A4F7556}") = "RemoveElements", "RemoveElements\RemoveElements.csproj", "{11B1CDC8-2B2D-4688-8271-05604230CED8}"
EndProject
Project("{9A19103F-16F7-4668-BE54-9A1E7A4F7556}") = "RemoveDuplicatesFromSortedArray", "RemoveDuplicatesFromSortedArray\RemoveDuplicatesFromSortedArray.csproj", "{37542C14-37E2-4AC1-BDB0-1A331FF1E0A5}"
EndProject
Project("{9A19103F-16F7-4668-BE54-9A1E7A4F7556}") = "MajorityElement", "MajorityElement\MajorityElement.csproj", "{F956BB64-876A-46D8-962B-722E2BE88F53}"
EndProject
Project("{9A19103F-16F7-4668-BE54-9A1E7A4F7556}") = "BestTimetoBuyandSellStock", "BestTimetoBuyandSellStock\BestTimetoBuyandSellStock.csproj", "{10C7813F-057A-458C-B4F9-26B0044C407A}"
EndProject
Project("{9A19103F-16F7-4668-BE54-9A1E7A4F7556}") = "RomantoInteger", "RomantoInteger\RomantoInteger.csproj", "{14D307CA-FAF6-4FC5-A792-0C9036CEDB53}"
EndProject
Project("{9A19103F-16F7-4668-BE54-9A1E7A4F7556}") = "LengthOfLastWord", "LengthOfLastWord\LengthOfLastWord.csproj", "{6D182F4E-1AF2-4474-A01C-E3B2C7B7291E}"
EndProject
Project("{9A19103F-16F7-4668-BE54-9A1E7A4F7556}") = "LongestCommonPrefix", "LongestCommonPrefix\LongestCommonPrefix.csproj", "{921C2ACC-1E0A-4CB8-B65D-06A368C93F3C}"
EndProject
Project("{9A19103F-16F7-4668-BE54-9A1E7A4F7556}") = "IndexofTheFirstOccurenceInString", "IndexofTheFirstOccurenceInString\IndexofTheFirstOccurenceInString.csproj", "{E045DF3E-681C-4DFF-AEFD-C1749CD72793}"
EndProject
Project("{9A19103F-16F7-4668-BE54-9A1E7A4F7556}") = "IsPalindrome", "IsPalindrome\IsPalindrome.csproj", "{0B275EAC-8FF0-4CEF-A5F6-BB0DE3D8F19A}"
EndProject
Project("{9A19103F-16F7-4668-BE54-9A1E7A4F7556}") = "IsSubsequence", "IsSubsequence\IsSubsequence.csproj", "{364D449D-DD22-475A-8718-D1A384C11488}"
EndProject
Project("{9A19103F-16F7-4668-BE54-9A1E7A4F7556}") = "RansomNote", "RansomNote\RansomNote.csproj", "{45FE1C87-5816-4DE7-A7FD-C2855C442999}"
EndProject
Project("{9A19103F-16F7-4668-BE54-9A1E7A4F7556}") = "IsIsomorphic", "IsIsomorphic\IsIsomorphic.csproj", "{4A07F74B-B87B-4811-83E0-6813676FFBD1}"
EndProject
Project("{9A19103F-16F7-4668-BE54-9A1E7A4F7556}") = "WordPattern", "WordPattern\WordPattern.csproj", "{A10D5DC3-B75C-43BA-8DF1-2D05C639E04D}"
EndProject
Project("{9A19103F-16F7-4668-BE54-9A1E7A4F7556}") = "ValidAnagram", "ValidAnagram\ValidAnagram.csproj", "{7CC1385C-450D-41EA-9F9A-72D924EE2D26}"
EndProject
Project("{9A19103F-16F7-4668-BE54-9A1E7A4F7556}") = "TwoSum", "TwoSum\TwoSum.csproj", "{36D0860B-8C45-44A5-AAEC-361C556B5509}"
EndProject
Project("{9A19103F-16F7-4668-BE54-9A1E7A4F7556}") = "HappyNumber", "HappyNumber\HappyNumber.csproj", "{99BBBFC6-813F-4996-B5C6-7CF03DF98C80}"
EndProject
Project("{9A19103F-16F7-4668-BE54-9A1E7A4F7556}") = "ContainsDuplicateII", "ContainsDuplicateII\ContainsDuplicateII.csproj", "{69893606-E0A2-468E-81A9-EB536F8F9EBF}"
EndProject
Project("{9A19103F-16F7-4668-BE54-9A1E7A4F7556}") = "SummaryRanges", "SummaryRanges\SummaryRanges.csproj", "{58343109-1FFA-4234-820B-374B918A71F4}"
EndProject
Project("{9A19103F-16F7-4668-BE54-9A1E7A4F7556}") = "ValidParentheses", "ValidParentheses\ValidParentheses.csproj", "{F7FBEFD2-A3F5-47C8-8ECA-238908CD3C6D}"
EndProject
Project("{9A19103F-16F7-4668-BE54-9A1E7A4F7556}") = "LinkedListCycle", "LinkedListCycle\LinkedListCycle.csproj", "{4B25B3C9-0CEC-4F05-AEB1-6994041F3627}"
EndProject
Project("{9A19103F-16F7-4668-BE54-9A1E7A4F7556}") = "MergeTwoSortedLists", "MergeTwoSortedLists\MergeTwoSortedLists.csproj", "{A1C6294D-7D19-424E-BC1A-EE1E28C4CF97}"
EndProject
Project("{9A19103F-16F7-4668-BE54-9A1E7A4F7556}") = "MaxDepthOfBInaryTree", "MaxDepthOfBInaryTree\MaxDepthOfBInaryTree.csproj", "{A6599FED-60AA-49C9-8F14-98AB2851490F}"
EndProject
Project("{9A19103F-16F7-4668-BE54-9A1E7A4F7556}") = "SameTree", "SameTree\SameTree.csproj", "{BAADDA6C-36F0-4E8A-8480-8274ED603586}"
EndProject
Project("{9A19103F-16F7-4668-BE54-9A1E7A4F7556}") = "InvertBinaryTree", "InvertBinaryTree\InvertBinaryTree.csproj", "{24EA606B-D948-49EE-BF62-0F4667F0787F}"
EndProject
Project("{9A19103F-16F7-4668-BE54-9A1E7A4F7556}") = "SymmetricTree", "SymmetricTree\SymmetricTree.csproj", "{6ABCFCB4-8DD9-4CD0-90B7-9D2B466AE38F}"
EndProject
Project("{9A19103F-16F7-4668-BE54-9A1E7A4F7556}") = "CalculatePathSum", "CalculatePathSum\CalculatePathSum.csproj", "{1288CECB-24B6-4DB2-ACE0-DC1E9CD4C787}"
EndProject
Project("{9A19103F-16F7-4668-BE54-9A1E7A4F7556}") = "CountCompleteTreeNodes", "CountCompleteTreeNodes\CountCompleteTreeNodes.csproj", "{15C2A6C8-EA81-4895-998E-46D9AF160243}"
EndProject
Project("{9A19103F-16F7-4668-BE54-9A1E7A4F7556}") = "AverageofLevelsinBinaryTree", "AverageofLevelsinBinaryTree\AverageofLevelsinBinaryTree.csproj", "{5207556E-88F9-4B4F-B3C5-A4B0E4234685}"
EndProject
Project("{9A19103F-16F7-4668-BE54-9A1E7A4F7556}") = "MinimumAbsoluteDifferenceinBST", "MinimumAbsoluteDifferenceinBST\MinimumAbsoluteDifferenceinBST.csproj", "{C3D7BF83-D22D-4FF8-8563-5973FA3D457A}"
EndProject
Project("{9A19103F-16F7-4668-BE54-9A1E7A4F7556}") = "ConvertSortedArraytoBinarySearchTree", "ConvertSortedArraytoBinarySearchTree\ConvertSortedArraytoBinarySearchTree.csproj", "{3427D656-99B0-4205-9362-1004428F51D7}"
EndProject
Project("{9A19103F-16F7-4668-BE54-9A1E7A4F7556}") = "SearchInsertPosition", "SearchInsertPosition\SearchInsertPosition.csproj", "{3CC68FFE-1469-47DF-A951-466006FE32DA}"
EndProject
Project("{9A19103F-16F7-4668-BE54-9A1E7A4F7556}") = "AddBinary", "AddBinary\AddBinary.csproj", "{080F8FDC-B883-4625-9CD3-4711BBD73458}"
EndProject
Project("{9A19103F-16F7-4668-BE54-9A1E7A4F7556}") = "ReverseBits", "ReverseBits\ReverseBits.csproj", "{9E3E4B7D-E14A-478F-A5B0-674ECC30422A}"
EndProject
Project("{9A19103F-16F7-4668-BE54-9A1E7A4F7556}") = "Numberof1Bits", "Numberof1Bits\Numberof1Bits.csproj", "{8956932A-F074-4593-8F2A-299A1B7694CF}"
EndProject
Project("{9A19103F-16F7-4668-BE54-9A1E7A4F7556}") = "SingleNumber", "SingleNumber\SingleNumber.csproj", "{601A3C11-6E4A-4E21-9908-BEA29902D203}"
EndProject
Project("{9A19103F-16F7-4668-BE54-9A1E7A4F7556}") = "PalindromeNumber", "PalindromeNumber\PalindromeNumber.csproj", "{D533393C-08D4-4701-B588-7DAD9AD57274}"
EndProject
Project("{9A19103F-16F7-4668-BE54-9A1E7A4F7556}") = "PlusOne", "PlusOne\PlusOne.csproj", "{45D27A14-566D-486D-BBC5-01FDA7E5A2FE}"
EndProject
Project("{9A19103F-16F7-4668-BE54-9A1E7A4F7556}") = "Sqrtx", "Sqrtx\Sqrtx.csproj", "{0D5315B3-3E11-4BDC-B4CD-0170CD94FF56}"
EndProject
Project("{9A19103F-16F7-4668-BE54-9A1E7A4F7556}") = "ClimbingStairs", "ClimbingStairs\ClimbingStairs.csproj", "{ED6684C0-C492-416C-9197-EE1386A86F77}"
EndProject
Project("{9A19103F-16F7-4668-BE54-9A1E7A4F7556}") = "RemoveDuplicatesfromSortedArrayII", "RemoveDuplicatesfromSortedArrayII\RemoveDuplicatesfromSortedArrayII.csproj", "{8375008C-FBD0-4BA8-9ACA-01C416C013B8}"
EndProject
Project("{9A19103F-16F7-4668-BE54-9A1E7A4F7556}") = "RotateArray", "RotateArray\RotateArray.csproj", "{F49A8F02-C027-408F-ADCF-826351DB433C}"
EndProject
Project("{9A19103F-16F7-4668-BE54-9A1E7A4F7556}") = "BestTimetoBuyandSellStockII", "BestTimetoBuyandSellStockII\BestTimetoBuyandSellStockII.csproj", "{80F4A138-5BF1-4FFC-AF74-A2ABBF281E81}"
EndProject
Project("{9A19103F-16F7-4668-BE54-9A1E7A4F7556}") = "JumpGame", "JumpGame\JumpGame.csproj", "{E23B790D-3289-44D9-9231-30A561F3687F}"
EndProject
Project("{9A19103F-16F7-4668-BE54-9A1E7A4F7556}") = "JumpGameII", "JumpGameII\JumpGameII.csproj", "{E8D28908-6C05-4C81-83CC-FC1ADEEE8C24}"
EndProject
Project("{9A19103F-16F7-4668-BE54-9A1E7A4F7556}") = "HIndex", "HIndex\HIndex.csproj", "{650EA371-AFE1-4CD7-BFFE-FCB716C16AFA}"
EndProject
Project("{9A19103F-16F7-4668-BE54-9A1E7A4F7556}") = "InsertDeleteGetRandomO(1)", "InsertDeleteGetRandomO(1)\InsertDeleteGetRandomO(1).csproj", "{C18A550D-289C-48EA-B710-48D1390F62D6}"
EndProject
Project("{9A19103F-16F7-4668-BE54-9A1E7A4F7556}") = "ProductofArrayExceptSelf", "ProductofArrayExceptSelf\ProductofArrayExceptSelf.csproj", "{E239D5F8-8A58-4A7A-AA81-C5F27CBA6BB5}"
EndProject
Project("{9A19103F-16F7-4668-BE54-9A1E7A4F7556}") = "MathChallenge", "MathChallenge\MathChallenge.csproj", "{F5B588BD-28FD-4DCA-B0C5-4738F639B2C6}"
EndProject
Project("{9A19103F-16F7-4668-BE54-9A1E7A4F7556}") = "Overlapping_Squares", "Overlapping_Squares\Overlapping_Squares.csproj", "{52D9413D-B234-4BCC-8B09-B31061A5D438}"
EndProject
Project("{FAE04EC0-301F-11D3-BF4B-00C04F79EFBC}") = "MInimum_Bit_Flips_To_Convert_Number", "MInimum_Bit_Flips_To_Convert_Number\MInimum_Bit_Flips_To_Convert_Number.csproj", "{0C630572-2646-4E7B-B8D3-8079F2BD9B8A}"
EndProject
Project("{FAE04EC0-301F-11D3-BF4B-00C04F79EFBC}") = "Test", "Test\Test.csproj", "{0683C2F8-7D6A-40BD-9D0D-4569F07042DB}"
EndProject
Project("{FAE04EC0-301F-11D3-BF4B-00C04F79EFBC}") = "Kth_Char_In_String_Game_I", "Kth_Char_In_String_Game_I\Kth_Char_In_String_Game_I.csproj", "{F263A5DA-B9F5-4DAA-90D3-8194A1FC182D}"
EndProject
Project("{FAE04EC0-301F-11D3-BF4B-00C04F79EFBC}") = "Number_Of_Distinct_Colors", "Number_Of_Distinct_Colors\Number_Of_Distinct_Colors.csproj", "{F468E890-D038-4B46-A3E3-65BAEDD8142B}"
EndProject
Global
	GlobalSection(SolutionConfigurationPlatforms) = preSolution
		Debug|Any CPU = Debug|Any CPU
		Debug|x64 = Debug|x64
		Debug|x86 = Debug|x86
		Release|Any CPU = Release|Any CPU
		Release|x64 = Release|x64
		Release|x86 = Release|x86
	EndGlobalSection
	GlobalSection(ProjectConfigurationPlatforms) = postSolution
		{9A6A4F52-5928-4AF4-AB58-41819D1A1E0B}.Debug|Any CPU.ActiveCfg = Debug|Any CPU
		{9A6A4F52-5928-4AF4-AB58-41819D1A1E0B}.Debug|Any CPU.Build.0 = Debug|Any CPU
		{9A6A4F52-5928-4AF4-AB58-41819D1A1E0B}.Debug|x64.ActiveCfg = Debug|Any CPU
		{9A6A4F52-5928-4AF4-AB58-41819D1A1E0B}.Debug|x64.Build.0 = Debug|Any CPU
		{9A6A4F52-5928-4AF4-AB58-41819D1A1E0B}.Debug|x86.ActiveCfg = Debug|Any CPU
		{9A6A4F52-5928-4AF4-AB58-41819D1A1E0B}.Debug|x86.Build.0 = Debug|Any CPU
		{9A6A4F52-5928-4AF4-AB58-41819D1A1E0B}.Release|Any CPU.ActiveCfg = Release|Any CPU
		{9A6A4F52-5928-4AF4-AB58-41819D1A1E0B}.Release|Any CPU.Build.0 = Release|Any CPU
		{9A6A4F52-5928-4AF4-AB58-41819D1A1E0B}.Release|x64.ActiveCfg = Release|Any CPU
		{9A6A4F52-5928-4AF4-AB58-41819D1A1E0B}.Release|x64.Build.0 = Release|Any CPU
		{9A6A4F52-5928-4AF4-AB58-41819D1A1E0B}.Release|x86.ActiveCfg = Release|Any CPU
		{9A6A4F52-5928-4AF4-AB58-41819D1A1E0B}.Release|x86.Build.0 = Release|Any CPU
		{4A9ADBC2-3694-42CB-A3DD-9C9E66FC82B0}.Debug|Any CPU.ActiveCfg = Debug|Any CPU
		{4A9ADBC2-3694-42CB-A3DD-9C9E66FC82B0}.Debug|Any CPU.Build.0 = Debug|Any CPU
		{4A9ADBC2-3694-42CB-A3DD-9C9E66FC82B0}.Debug|x64.ActiveCfg = Debug|Any CPU
		{4A9ADBC2-3694-42CB-A3DD-9C9E66FC82B0}.Debug|x64.Build.0 = Debug|Any CPU
		{4A9ADBC2-3694-42CB-A3DD-9C9E66FC82B0}.Debug|x86.ActiveCfg = Debug|Any CPU
		{4A9ADBC2-3694-42CB-A3DD-9C9E66FC82B0}.Debug|x86.Build.0 = Debug|Any CPU
		{4A9ADBC2-3694-42CB-A3DD-9C9E66FC82B0}.Release|Any CPU.ActiveCfg = Release|Any CPU
		{4A9ADBC2-3694-42CB-A3DD-9C9E66FC82B0}.Release|Any CPU.Build.0 = Release|Any CPU
		{4A9ADBC2-3694-42CB-A3DD-9C9E66FC82B0}.Release|x64.ActiveCfg = Release|Any CPU
		{4A9ADBC2-3694-42CB-A3DD-9C9E66FC82B0}.Release|x64.Build.0 = Release|Any CPU
		{4A9ADBC2-3694-42CB-A3DD-9C9E66FC82B0}.Release|x86.ActiveCfg = Release|Any CPU
		{4A9ADBC2-3694-42CB-A3DD-9C9E66FC82B0}.Release|x86.Build.0 = Release|Any CPU
		{AFB7B7B4-2A69-4173-9FE2-AD487CED17B7}.Debug|Any CPU.ActiveCfg = Debug|Any CPU
		{AFB7B7B4-2A69-4173-9FE2-AD487CED17B7}.Debug|Any CPU.Build.0 = Debug|Any CPU
		{AFB7B7B4-2A69-4173-9FE2-AD487CED17B7}.Debug|x64.ActiveCfg = Debug|Any CPU
		{AFB7B7B4-2A69-4173-9FE2-AD487CED17B7}.Debug|x64.Build.0 = Debug|Any CPU
		{AFB7B7B4-2A69-4173-9FE2-AD487CED17B7}.Debug|x86.ActiveCfg = Debug|Any CPU
		{AFB7B7B4-2A69-4173-9FE2-AD487CED17B7}.Debug|x86.Build.0 = Debug|Any CPU
		{AFB7B7B4-2A69-4173-9FE2-AD487CED17B7}.Release|Any CPU.ActiveCfg = Release|Any CPU
		{AFB7B7B4-2A69-4173-9FE2-AD487CED17B7}.Release|Any CPU.Build.0 = Release|Any CPU
		{AFB7B7B4-2A69-4173-9FE2-AD487CED17B7}.Release|x64.ActiveCfg = Release|Any CPU
		{AFB7B7B4-2A69-4173-9FE2-AD487CED17B7}.Release|x64.Build.0 = Release|Any CPU
		{AFB7B7B4-2A69-4173-9FE2-AD487CED17B7}.Release|x86.ActiveCfg = Release|Any CPU
		{AFB7B7B4-2A69-4173-9FE2-AD487CED17B7}.Release|x86.Build.0 = Release|Any CPU
		{11B1CDC8-2B2D-4688-8271-05604230CED8}.Debug|Any CPU.ActiveCfg = Debug|Any CPU
		{11B1CDC8-2B2D-4688-8271-05604230CED8}.Debug|Any CPU.Build.0 = Debug|Any CPU
		{11B1CDC8-2B2D-4688-8271-05604230CED8}.Debug|x64.ActiveCfg = Debug|Any CPU
		{11B1CDC8-2B2D-4688-8271-05604230CED8}.Debug|x64.Build.0 = Debug|Any CPU
		{11B1CDC8-2B2D-4688-8271-05604230CED8}.Debug|x86.ActiveCfg = Debug|Any CPU
		{11B1CDC8-2B2D-4688-8271-05604230CED8}.Debug|x86.Build.0 = Debug|Any CPU
		{11B1CDC8-2B2D-4688-8271-05604230CED8}.Release|Any CPU.ActiveCfg = Release|Any CPU
		{11B1CDC8-2B2D-4688-8271-05604230CED8}.Release|Any CPU.Build.0 = Release|Any CPU
		{11B1CDC8-2B2D-4688-8271-05604230CED8}.Release|x64.ActiveCfg = Release|Any CPU
		{11B1CDC8-2B2D-4688-8271-05604230CED8}.Release|x64.Build.0 = Release|Any CPU
		{11B1CDC8-2B2D-4688-8271-05604230CED8}.Release|x86.ActiveCfg = Release|Any CPU
		{11B1CDC8-2B2D-4688-8271-05604230CED8}.Release|x86.Build.0 = Release|Any CPU
		{37542C14-37E2-4AC1-BDB0-1A331FF1E0A5}.Debug|Any CPU.ActiveCfg = Debug|Any CPU
		{37542C14-37E2-4AC1-BDB0-1A331FF1E0A5}.Debug|Any CPU.Build.0 = Debug|Any CPU
		{37542C14-37E2-4AC1-BDB0-1A331FF1E0A5}.Debug|x64.ActiveCfg = Debug|Any CPU
		{37542C14-37E2-4AC1-BDB0-1A331FF1E0A5}.Debug|x64.Build.0 = Debug|Any CPU
		{37542C14-37E2-4AC1-BDB0-1A331FF1E0A5}.Debug|x86.ActiveCfg = Debug|Any CPU
		{37542C14-37E2-4AC1-BDB0-1A331FF1E0A5}.Debug|x86.Build.0 = Debug|Any CPU
		{37542C14-37E2-4AC1-BDB0-1A331FF1E0A5}.Release|Any CPU.ActiveCfg = Release|Any CPU
		{37542C14-37E2-4AC1-BDB0-1A331FF1E0A5}.Release|Any CPU.Build.0 = Release|Any CPU
		{37542C14-37E2-4AC1-BDB0-1A331FF1E0A5}.Release|x64.ActiveCfg = Release|Any CPU
		{37542C14-37E2-4AC1-BDB0-1A331FF1E0A5}.Release|x64.Build.0 = Release|Any CPU
		{37542C14-37E2-4AC1-BDB0-1A331FF1E0A5}.Release|x86.ActiveCfg = Release|Any CPU
		{37542C14-37E2-4AC1-BDB0-1A331FF1E0A5}.Release|x86.Build.0 = Release|Any CPU
		{F956BB64-876A-46D8-962B-722E2BE88F53}.Debug|Any CPU.ActiveCfg = Debug|Any CPU
		{F956BB64-876A-46D8-962B-722E2BE88F53}.Debug|Any CPU.Build.0 = Debug|Any CPU
		{F956BB64-876A-46D8-962B-722E2BE88F53}.Debug|x64.ActiveCfg = Debug|Any CPU
		{F956BB64-876A-46D8-962B-722E2BE88F53}.Debug|x64.Build.0 = Debug|Any CPU
		{F956BB64-876A-46D8-962B-722E2BE88F53}.Debug|x86.ActiveCfg = Debug|Any CPU
		{F956BB64-876A-46D8-962B-722E2BE88F53}.Debug|x86.Build.0 = Debug|Any CPU
		{F956BB64-876A-46D8-962B-722E2BE88F53}.Release|Any CPU.ActiveCfg = Release|Any CPU
		{F956BB64-876A-46D8-962B-722E2BE88F53}.Release|Any CPU.Build.0 = Release|Any CPU
		{F956BB64-876A-46D8-962B-722E2BE88F53}.Release|x64.ActiveCfg = Release|Any CPU
		{F956BB64-876A-46D8-962B-722E2BE88F53}.Release|x64.Build.0 = Release|Any CPU
		{F956BB64-876A-46D8-962B-722E2BE88F53}.Release|x86.ActiveCfg = Release|Any CPU
		{F956BB64-876A-46D8-962B-722E2BE88F53}.Release|x86.Build.0 = Release|Any CPU
		{10C7813F-057A-458C-B4F9-26B0044C407A}.Debug|Any CPU.ActiveCfg = Debug|Any CPU
		{10C7813F-057A-458C-B4F9-26B0044C407A}.Debug|Any CPU.Build.0 = Debug|Any CPU
		{10C7813F-057A-458C-B4F9-26B0044C407A}.Debug|x64.ActiveCfg = Debug|Any CPU
		{10C7813F-057A-458C-B4F9-26B0044C407A}.Debug|x64.Build.0 = Debug|Any CPU
		{10C7813F-057A-458C-B4F9-26B0044C407A}.Debug|x86.ActiveCfg = Debug|Any CPU
		{10C7813F-057A-458C-B4F9-26B0044C407A}.Debug|x86.Build.0 = Debug|Any CPU
		{10C7813F-057A-458C-B4F9-26B0044C407A}.Release|Any CPU.ActiveCfg = Release|Any CPU
		{10C7813F-057A-458C-B4F9-26B0044C407A}.Release|Any CPU.Build.0 = Release|Any CPU
		{10C7813F-057A-458C-B4F9-26B0044C407A}.Release|x64.ActiveCfg = Release|Any CPU
		{10C7813F-057A-458C-B4F9-26B0044C407A}.Release|x64.Build.0 = Release|Any CPU
		{10C7813F-057A-458C-B4F9-26B0044C407A}.Release|x86.ActiveCfg = Release|Any CPU
		{10C7813F-057A-458C-B4F9-26B0044C407A}.Release|x86.Build.0 = Release|Any CPU
		{14D307CA-FAF6-4FC5-A792-0C9036CEDB53}.Debug|Any CPU.ActiveCfg = Debug|Any CPU
		{14D307CA-FAF6-4FC5-A792-0C9036CEDB53}.Debug|Any CPU.Build.0 = Debug|Any CPU
		{14D307CA-FAF6-4FC5-A792-0C9036CEDB53}.Debug|x64.ActiveCfg = Debug|Any CPU
		{14D307CA-FAF6-4FC5-A792-0C9036CEDB53}.Debug|x64.Build.0 = Debug|Any CPU
		{14D307CA-FAF6-4FC5-A792-0C9036CEDB53}.Debug|x86.ActiveCfg = Debug|Any CPU
		{14D307CA-FAF6-4FC5-A792-0C9036CEDB53}.Debug|x86.Build.0 = Debug|Any CPU
		{14D307CA-FAF6-4FC5-A792-0C9036CEDB53}.Release|Any CPU.ActiveCfg = Release|Any CPU
		{14D307CA-FAF6-4FC5-A792-0C9036CEDB53}.Release|Any CPU.Build.0 = Release|Any CPU
		{14D307CA-FAF6-4FC5-A792-0C9036CEDB53}.Release|x64.ActiveCfg = Release|Any CPU
		{14D307CA-FAF6-4FC5-A792-0C9036CEDB53}.Release|x64.Build.0 = Release|Any CPU
		{14D307CA-FAF6-4FC5-A792-0C9036CEDB53}.Release|x86.ActiveCfg = Release|Any CPU
		{14D307CA-FAF6-4FC5-A792-0C9036CEDB53}.Release|x86.Build.0 = Release|Any CPU
		{6D182F4E-1AF2-4474-A01C-E3B2C7B7291E}.Debug|Any CPU.ActiveCfg = Debug|Any CPU
		{6D182F4E-1AF2-4474-A01C-E3B2C7B7291E}.Debug|Any CPU.Build.0 = Debug|Any CPU
		{6D182F4E-1AF2-4474-A01C-E3B2C7B7291E}.Debug|x64.ActiveCfg = Debug|Any CPU
		{6D182F4E-1AF2-4474-A01C-E3B2C7B7291E}.Debug|x64.Build.0 = Debug|Any CPU
		{6D182F4E-1AF2-4474-A01C-E3B2C7B7291E}.Debug|x86.ActiveCfg = Debug|Any CPU
		{6D182F4E-1AF2-4474-A01C-E3B2C7B7291E}.Debug|x86.Build.0 = Debug|Any CPU
		{6D182F4E-1AF2-4474-A01C-E3B2C7B7291E}.Release|Any CPU.ActiveCfg = Release|Any CPU
		{6D182F4E-1AF2-4474-A01C-E3B2C7B7291E}.Release|Any CPU.Build.0 = Release|Any CPU
		{6D182F4E-1AF2-4474-A01C-E3B2C7B7291E}.Release|x64.ActiveCfg = Release|Any CPU
		{6D182F4E-1AF2-4474-A01C-E3B2C7B7291E}.Release|x64.Build.0 = Release|Any CPU
		{6D182F4E-1AF2-4474-A01C-E3B2C7B7291E}.Release|x86.ActiveCfg = Release|Any CPU
		{6D182F4E-1AF2-4474-A01C-E3B2C7B7291E}.Release|x86.Build.0 = Release|Any CPU
		{921C2ACC-1E0A-4CB8-B65D-06A368C93F3C}.Debug|Any CPU.ActiveCfg = Debug|Any CPU
		{921C2ACC-1E0A-4CB8-B65D-06A368C93F3C}.Debug|Any CPU.Build.0 = Debug|Any CPU
		{921C2ACC-1E0A-4CB8-B65D-06A368C93F3C}.Debug|x64.ActiveCfg = Debug|Any CPU
		{921C2ACC-1E0A-4CB8-B65D-06A368C93F3C}.Debug|x64.Build.0 = Debug|Any CPU
		{921C2ACC-1E0A-4CB8-B65D-06A368C93F3C}.Debug|x86.ActiveCfg = Debug|Any CPU
		{921C2ACC-1E0A-4CB8-B65D-06A368C93F3C}.Debug|x86.Build.0 = Debug|Any CPU
		{921C2ACC-1E0A-4CB8-B65D-06A368C93F3C}.Release|Any CPU.ActiveCfg = Release|Any CPU
		{921C2ACC-1E0A-4CB8-B65D-06A368C93F3C}.Release|Any CPU.Build.0 = Release|Any CPU
		{921C2ACC-1E0A-4CB8-B65D-06A368C93F3C}.Release|x64.ActiveCfg = Release|Any CPU
		{921C2ACC-1E0A-4CB8-B65D-06A368C93F3C}.Release|x64.Build.0 = Release|Any CPU
		{921C2ACC-1E0A-4CB8-B65D-06A368C93F3C}.Release|x86.ActiveCfg = Release|Any CPU
		{921C2ACC-1E0A-4CB8-B65D-06A368C93F3C}.Release|x86.Build.0 = Release|Any CPU
		{E045DF3E-681C-4DFF-AEFD-C1749CD72793}.Debug|Any CPU.ActiveCfg = Debug|Any CPU
		{E045DF3E-681C-4DFF-AEFD-C1749CD72793}.Debug|Any CPU.Build.0 = Debug|Any CPU
		{E045DF3E-681C-4DFF-AEFD-C1749CD72793}.Debug|x64.ActiveCfg = Debug|Any CPU
		{E045DF3E-681C-4DFF-AEFD-C1749CD72793}.Debug|x64.Build.0 = Debug|Any CPU
		{E045DF3E-681C-4DFF-AEFD-C1749CD72793}.Debug|x86.ActiveCfg = Debug|Any CPU
		{E045DF3E-681C-4DFF-AEFD-C1749CD72793}.Debug|x86.Build.0 = Debug|Any CPU
		{E045DF3E-681C-4DFF-AEFD-C1749CD72793}.Release|Any CPU.ActiveCfg = Release|Any CPU
		{E045DF3E-681C-4DFF-AEFD-C1749CD72793}.Release|Any CPU.Build.0 = Release|Any CPU
		{E045DF3E-681C-4DFF-AEFD-C1749CD72793}.Release|x64.ActiveCfg = Release|Any CPU
		{E045DF3E-681C-4DFF-AEFD-C1749CD72793}.Release|x64.Build.0 = Release|Any CPU
		{E045DF3E-681C-4DFF-AEFD-C1749CD72793}.Release|x86.ActiveCfg = Release|Any CPU
		{E045DF3E-681C-4DFF-AEFD-C1749CD72793}.Release|x86.Build.0 = Release|Any CPU
		{0B275EAC-8FF0-4CEF-A5F6-BB0DE3D8F19A}.Debug|Any CPU.ActiveCfg = Debug|Any CPU
		{0B275EAC-8FF0-4CEF-A5F6-BB0DE3D8F19A}.Debug|Any CPU.Build.0 = Debug|Any CPU
		{0B275EAC-8FF0-4CEF-A5F6-BB0DE3D8F19A}.Debug|x64.ActiveCfg = Debug|Any CPU
		{0B275EAC-8FF0-4CEF-A5F6-BB0DE3D8F19A}.Debug|x64.Build.0 = Debug|Any CPU
		{0B275EAC-8FF0-4CEF-A5F6-BB0DE3D8F19A}.Debug|x86.ActiveCfg = Debug|Any CPU
		{0B275EAC-8FF0-4CEF-A5F6-BB0DE3D8F19A}.Debug|x86.Build.0 = Debug|Any CPU
		{0B275EAC-8FF0-4CEF-A5F6-BB0DE3D8F19A}.Release|Any CPU.ActiveCfg = Release|Any CPU
		{0B275EAC-8FF0-4CEF-A5F6-BB0DE3D8F19A}.Release|Any CPU.Build.0 = Release|Any CPU
		{0B275EAC-8FF0-4CEF-A5F6-BB0DE3D8F19A}.Release|x64.ActiveCfg = Release|Any CPU
		{0B275EAC-8FF0-4CEF-A5F6-BB0DE3D8F19A}.Release|x64.Build.0 = Release|Any CPU
		{0B275EAC-8FF0-4CEF-A5F6-BB0DE3D8F19A}.Release|x86.ActiveCfg = Release|Any CPU
		{0B275EAC-8FF0-4CEF-A5F6-BB0DE3D8F19A}.Release|x86.Build.0 = Release|Any CPU
		{364D449D-DD22-475A-8718-D1A384C11488}.Debug|Any CPU.ActiveCfg = Debug|Any CPU
		{364D449D-DD22-475A-8718-D1A384C11488}.Debug|Any CPU.Build.0 = Debug|Any CPU
		{364D449D-DD22-475A-8718-D1A384C11488}.Debug|x64.ActiveCfg = Debug|Any CPU
		{364D449D-DD22-475A-8718-D1A384C11488}.Debug|x64.Build.0 = Debug|Any CPU
		{364D449D-DD22-475A-8718-D1A384C11488}.Debug|x86.ActiveCfg = Debug|Any CPU
		{364D449D-DD22-475A-8718-D1A384C11488}.Debug|x86.Build.0 = Debug|Any CPU
		{364D449D-DD22-475A-8718-D1A384C11488}.Release|Any CPU.ActiveCfg = Release|Any CPU
		{364D449D-DD22-475A-8718-D1A384C11488}.Release|Any CPU.Build.0 = Release|Any CPU
		{364D449D-DD22-475A-8718-D1A384C11488}.Release|x64.ActiveCfg = Release|Any CPU
		{364D449D-DD22-475A-8718-D1A384C11488}.Release|x64.Build.0 = Release|Any CPU
		{364D449D-DD22-475A-8718-D1A384C11488}.Release|x86.ActiveCfg = Release|Any CPU
		{364D449D-DD22-475A-8718-D1A384C11488}.Release|x86.Build.0 = Release|Any CPU
		{45FE1C87-5816-4DE7-A7FD-C2855C442999}.Debug|Any CPU.ActiveCfg = Debug|Any CPU
		{45FE1C87-5816-4DE7-A7FD-C2855C442999}.Debug|Any CPU.Build.0 = Debug|Any CPU
		{45FE1C87-5816-4DE7-A7FD-C2855C442999}.Debug|x64.ActiveCfg = Debug|Any CPU
		{45FE1C87-5816-4DE7-A7FD-C2855C442999}.Debug|x64.Build.0 = Debug|Any CPU
		{45FE1C87-5816-4DE7-A7FD-C2855C442999}.Debug|x86.ActiveCfg = Debug|Any CPU
		{45FE1C87-5816-4DE7-A7FD-C2855C442999}.Debug|x86.Build.0 = Debug|Any CPU
		{45FE1C87-5816-4DE7-A7FD-C2855C442999}.Release|Any CPU.ActiveCfg = Release|Any CPU
		{45FE1C87-5816-4DE7-A7FD-C2855C442999}.Release|Any CPU.Build.0 = Release|Any CPU
		{45FE1C87-5816-4DE7-A7FD-C2855C442999}.Release|x64.ActiveCfg = Release|Any CPU
		{45FE1C87-5816-4DE7-A7FD-C2855C442999}.Release|x64.Build.0 = Release|Any CPU
		{45FE1C87-5816-4DE7-A7FD-C2855C442999}.Release|x86.ActiveCfg = Release|Any CPU
		{45FE1C87-5816-4DE7-A7FD-C2855C442999}.Release|x86.Build.0 = Release|Any CPU
		{4A07F74B-B87B-4811-83E0-6813676FFBD1}.Debug|Any CPU.ActiveCfg = Debug|Any CPU
		{4A07F74B-B87B-4811-83E0-6813676FFBD1}.Debug|Any CPU.Build.0 = Debug|Any CPU
		{4A07F74B-B87B-4811-83E0-6813676FFBD1}.Debug|x64.ActiveCfg = Debug|Any CPU
		{4A07F74B-B87B-4811-83E0-6813676FFBD1}.Debug|x64.Build.0 = Debug|Any CPU
		{4A07F74B-B87B-4811-83E0-6813676FFBD1}.Debug|x86.ActiveCfg = Debug|Any CPU
		{4A07F74B-B87B-4811-83E0-6813676FFBD1}.Debug|x86.Build.0 = Debug|Any CPU
		{4A07F74B-B87B-4811-83E0-6813676FFBD1}.Release|Any CPU.ActiveCfg = Release|Any CPU
		{4A07F74B-B87B-4811-83E0-6813676FFBD1}.Release|Any CPU.Build.0 = Release|Any CPU
		{4A07F74B-B87B-4811-83E0-6813676FFBD1}.Release|x64.ActiveCfg = Release|Any CPU
		{4A07F74B-B87B-4811-83E0-6813676FFBD1}.Release|x64.Build.0 = Release|Any CPU
		{4A07F74B-B87B-4811-83E0-6813676FFBD1}.Release|x86.ActiveCfg = Release|Any CPU
		{4A07F74B-B87B-4811-83E0-6813676FFBD1}.Release|x86.Build.0 = Release|Any CPU
		{A10D5DC3-B75C-43BA-8DF1-2D05C639E04D}.Debug|Any CPU.ActiveCfg = Debug|Any CPU
		{A10D5DC3-B75C-43BA-8DF1-2D05C639E04D}.Debug|Any CPU.Build.0 = Debug|Any CPU
		{A10D5DC3-B75C-43BA-8DF1-2D05C639E04D}.Debug|x64.ActiveCfg = Debug|Any CPU
		{A10D5DC3-B75C-43BA-8DF1-2D05C639E04D}.Debug|x64.Build.0 = Debug|Any CPU
		{A10D5DC3-B75C-43BA-8DF1-2D05C639E04D}.Debug|x86.ActiveCfg = Debug|Any CPU
		{A10D5DC3-B75C-43BA-8DF1-2D05C639E04D}.Debug|x86.Build.0 = Debug|Any CPU
		{A10D5DC3-B75C-43BA-8DF1-2D05C639E04D}.Release|Any CPU.ActiveCfg = Release|Any CPU
		{A10D5DC3-B75C-43BA-8DF1-2D05C639E04D}.Release|Any CPU.Build.0 = Release|Any CPU
		{A10D5DC3-B75C-43BA-8DF1-2D05C639E04D}.Release|x64.ActiveCfg = Release|Any CPU
		{A10D5DC3-B75C-43BA-8DF1-2D05C639E04D}.Release|x64.Build.0 = Release|Any CPU
		{A10D5DC3-B75C-43BA-8DF1-2D05C639E04D}.Release|x86.ActiveCfg = Release|Any CPU
		{A10D5DC3-B75C-43BA-8DF1-2D05C639E04D}.Release|x86.Build.0 = Release|Any CPU
		{7CC1385C-450D-41EA-9F9A-72D924EE2D26}.Debug|Any CPU.ActiveCfg = Debug|Any CPU
		{7CC1385C-450D-41EA-9F9A-72D924EE2D26}.Debug|Any CPU.Build.0 = Debug|Any CPU
		{7CC1385C-450D-41EA-9F9A-72D924EE2D26}.Debug|x64.ActiveCfg = Debug|Any CPU
		{7CC1385C-450D-41EA-9F9A-72D924EE2D26}.Debug|x64.Build.0 = Debug|Any CPU
		{7CC1385C-450D-41EA-9F9A-72D924EE2D26}.Debug|x86.ActiveCfg = Debug|Any CPU
		{7CC1385C-450D-41EA-9F9A-72D924EE2D26}.Debug|x86.Build.0 = Debug|Any CPU
		{7CC1385C-450D-41EA-9F9A-72D924EE2D26}.Release|Any CPU.ActiveCfg = Release|Any CPU
		{7CC1385C-450D-41EA-9F9A-72D924EE2D26}.Release|Any CPU.Build.0 = Release|Any CPU
		{7CC1385C-450D-41EA-9F9A-72D924EE2D26}.Release|x64.ActiveCfg = Release|Any CPU
		{7CC1385C-450D-41EA-9F9A-72D924EE2D26}.Release|x64.Build.0 = Release|Any CPU
		{7CC1385C-450D-41EA-9F9A-72D924EE2D26}.Release|x86.ActiveCfg = Release|Any CPU
		{7CC1385C-450D-41EA-9F9A-72D924EE2D26}.Release|x86.Build.0 = Release|Any CPU
		{36D0860B-8C45-44A5-AAEC-361C556B5509}.Debug|Any CPU.ActiveCfg = Debug|Any CPU
		{36D0860B-8C45-44A5-AAEC-361C556B5509}.Debug|Any CPU.Build.0 = Debug|Any CPU
		{36D0860B-8C45-44A5-AAEC-361C556B5509}.Debug|x64.ActiveCfg = Debug|Any CPU
		{36D0860B-8C45-44A5-AAEC-361C556B5509}.Debug|x64.Build.0 = Debug|Any CPU
		{36D0860B-8C45-44A5-AAEC-361C556B5509}.Debug|x86.ActiveCfg = Debug|Any CPU
		{36D0860B-8C45-44A5-AAEC-361C556B5509}.Debug|x86.Build.0 = Debug|Any CPU
		{36D0860B-8C45-44A5-AAEC-361C556B5509}.Release|Any CPU.ActiveCfg = Release|Any CPU
		{36D0860B-8C45-44A5-AAEC-361C556B5509}.Release|Any CPU.Build.0 = Release|Any CPU
		{36D0860B-8C45-44A5-AAEC-361C556B5509}.Release|x64.ActiveCfg = Release|Any CPU
		{36D0860B-8C45-44A5-AAEC-361C556B5509}.Release|x64.Build.0 = Release|Any CPU
		{36D0860B-8C45-44A5-AAEC-361C556B5509}.Release|x86.ActiveCfg = Release|Any CPU
		{36D0860B-8C45-44A5-AAEC-361C556B5509}.Release|x86.Build.0 = Release|Any CPU
		{99BBBFC6-813F-4996-B5C6-7CF03DF98C80}.Debug|Any CPU.ActiveCfg = Debug|Any CPU
		{99BBBFC6-813F-4996-B5C6-7CF03DF98C80}.Debug|Any CPU.Build.0 = Debug|Any CPU
		{99BBBFC6-813F-4996-B5C6-7CF03DF98C80}.Debug|x64.ActiveCfg = Debug|Any CPU
		{99BBBFC6-813F-4996-B5C6-7CF03DF98C80}.Debug|x64.Build.0 = Debug|Any CPU
		{99BBBFC6-813F-4996-B5C6-7CF03DF98C80}.Debug|x86.ActiveCfg = Debug|Any CPU
		{99BBBFC6-813F-4996-B5C6-7CF03DF98C80}.Debug|x86.Build.0 = Debug|Any CPU
		{99BBBFC6-813F-4996-B5C6-7CF03DF98C80}.Release|Any CPU.ActiveCfg = Release|Any CPU
		{99BBBFC6-813F-4996-B5C6-7CF03DF98C80}.Release|Any CPU.Build.0 = Release|Any CPU
		{99BBBFC6-813F-4996-B5C6-7CF03DF98C80}.Release|x64.ActiveCfg = Release|Any CPU
		{99BBBFC6-813F-4996-B5C6-7CF03DF98C80}.Release|x64.Build.0 = Release|Any CPU
		{99BBBFC6-813F-4996-B5C6-7CF03DF98C80}.Release|x86.ActiveCfg = Release|Any CPU
		{99BBBFC6-813F-4996-B5C6-7CF03DF98C80}.Release|x86.Build.0 = Release|Any CPU
		{69893606-E0A2-468E-81A9-EB536F8F9EBF}.Debug|Any CPU.ActiveCfg = Debug|Any CPU
		{69893606-E0A2-468E-81A9-EB536F8F9EBF}.Debug|Any CPU.Build.0 = Debug|Any CPU
		{69893606-E0A2-468E-81A9-EB536F8F9EBF}.Debug|x64.ActiveCfg = Debug|Any CPU
		{69893606-E0A2-468E-81A9-EB536F8F9EBF}.Debug|x64.Build.0 = Debug|Any CPU
		{69893606-E0A2-468E-81A9-EB536F8F9EBF}.Debug|x86.ActiveCfg = Debug|Any CPU
		{69893606-E0A2-468E-81A9-EB536F8F9EBF}.Debug|x86.Build.0 = Debug|Any CPU
		{69893606-E0A2-468E-81A9-EB536F8F9EBF}.Release|Any CPU.ActiveCfg = Release|Any CPU
		{69893606-E0A2-468E-81A9-EB536F8F9EBF}.Release|Any CPU.Build.0 = Release|Any CPU
		{69893606-E0A2-468E-81A9-EB536F8F9EBF}.Release|x64.ActiveCfg = Release|Any CPU
		{69893606-E0A2-468E-81A9-EB536F8F9EBF}.Release|x64.Build.0 = Release|Any CPU
		{69893606-E0A2-468E-81A9-EB536F8F9EBF}.Release|x86.ActiveCfg = Release|Any CPU
		{69893606-E0A2-468E-81A9-EB536F8F9EBF}.Release|x86.Build.0 = Release|Any CPU
		{58343109-1FFA-4234-820B-374B918A71F4}.Debug|Any CPU.ActiveCfg = Debug|Any CPU
		{58343109-1FFA-4234-820B-374B918A71F4}.Debug|Any CPU.Build.0 = Debug|Any CPU
		{58343109-1FFA-4234-820B-374B918A71F4}.Debug|x64.ActiveCfg = Debug|Any CPU
		{58343109-1FFA-4234-820B-374B918A71F4}.Debug|x64.Build.0 = Debug|Any CPU
		{58343109-1FFA-4234-820B-374B918A71F4}.Debug|x86.ActiveCfg = Debug|Any CPU
		{58343109-1FFA-4234-820B-374B918A71F4}.Debug|x86.Build.0 = Debug|Any CPU
		{58343109-1FFA-4234-820B-374B918A71F4}.Release|Any CPU.ActiveCfg = Release|Any CPU
		{58343109-1FFA-4234-820B-374B918A71F4}.Release|Any CPU.Build.0 = Release|Any CPU
		{58343109-1FFA-4234-820B-374B918A71F4}.Release|x64.ActiveCfg = Release|Any CPU
		{58343109-1FFA-4234-820B-374B918A71F4}.Release|x64.Build.0 = Release|Any CPU
		{58343109-1FFA-4234-820B-374B918A71F4}.Release|x86.ActiveCfg = Release|Any CPU
		{58343109-1FFA-4234-820B-374B918A71F4}.Release|x86.Build.0 = Release|Any CPU
		{F7FBEFD2-A3F5-47C8-8ECA-238908CD3C6D}.Debug|Any CPU.ActiveCfg = Debug|Any CPU
		{F7FBEFD2-A3F5-47C8-8ECA-238908CD3C6D}.Debug|Any CPU.Build.0 = Debug|Any CPU
		{F7FBEFD2-A3F5-47C8-8ECA-238908CD3C6D}.Debug|x64.ActiveCfg = Debug|Any CPU
		{F7FBEFD2-A3F5-47C8-8ECA-238908CD3C6D}.Debug|x64.Build.0 = Debug|Any CPU
		{F7FBEFD2-A3F5-47C8-8ECA-238908CD3C6D}.Debug|x86.ActiveCfg = Debug|Any CPU
		{F7FBEFD2-A3F5-47C8-8ECA-238908CD3C6D}.Debug|x86.Build.0 = Debug|Any CPU
		{F7FBEFD2-A3F5-47C8-8ECA-238908CD3C6D}.Release|Any CPU.ActiveCfg = Release|Any CPU
		{F7FBEFD2-A3F5-47C8-8ECA-238908CD3C6D}.Release|Any CPU.Build.0 = Release|Any CPU
		{F7FBEFD2-A3F5-47C8-8ECA-238908CD3C6D}.Release|x64.ActiveCfg = Release|Any CPU
		{F7FBEFD2-A3F5-47C8-8ECA-238908CD3C6D}.Release|x64.Build.0 = Release|Any CPU
		{F7FBEFD2-A3F5-47C8-8ECA-238908CD3C6D}.Release|x86.ActiveCfg = Release|Any CPU
		{F7FBEFD2-A3F5-47C8-8ECA-238908CD3C6D}.Release|x86.Build.0 = Release|Any CPU
		{4B25B3C9-0CEC-4F05-AEB1-6994041F3627}.Debug|Any CPU.ActiveCfg = Debug|Any CPU
		{4B25B3C9-0CEC-4F05-AEB1-6994041F3627}.Debug|Any CPU.Build.0 = Debug|Any CPU
		{4B25B3C9-0CEC-4F05-AEB1-6994041F3627}.Debug|x64.ActiveCfg = Debug|Any CPU
		{4B25B3C9-0CEC-4F05-AEB1-6994041F3627}.Debug|x64.Build.0 = Debug|Any CPU
		{4B25B3C9-0CEC-4F05-AEB1-6994041F3627}.Debug|x86.ActiveCfg = Debug|Any CPU
		{4B25B3C9-0CEC-4F05-AEB1-6994041F3627}.Debug|x86.Build.0 = Debug|Any CPU
		{4B25B3C9-0CEC-4F05-AEB1-6994041F3627}.Release|Any CPU.ActiveCfg = Release|Any CPU
		{4B25B3C9-0CEC-4F05-AEB1-6994041F3627}.Release|Any CPU.Build.0 = Release|Any CPU
		{4B25B3C9-0CEC-4F05-AEB1-6994041F3627}.Release|x64.ActiveCfg = Release|Any CPU
		{4B25B3C9-0CEC-4F05-AEB1-6994041F3627}.Release|x64.Build.0 = Release|Any CPU
		{4B25B3C9-0CEC-4F05-AEB1-6994041F3627}.Release|x86.ActiveCfg = Release|Any CPU
		{4B25B3C9-0CEC-4F05-AEB1-6994041F3627}.Release|x86.Build.0 = Release|Any CPU
		{A1C6294D-7D19-424E-BC1A-EE1E28C4CF97}.Debug|Any CPU.ActiveCfg = Debug|Any CPU
		{A1C6294D-7D19-424E-BC1A-EE1E28C4CF97}.Debug|Any CPU.Build.0 = Debug|Any CPU
		{A1C6294D-7D19-424E-BC1A-EE1E28C4CF97}.Debug|x64.ActiveCfg = Debug|Any CPU
		{A1C6294D-7D19-424E-BC1A-EE1E28C4CF97}.Debug|x64.Build.0 = Debug|Any CPU
		{A1C6294D-7D19-424E-BC1A-EE1E28C4CF97}.Debug|x86.ActiveCfg = Debug|Any CPU
		{A1C6294D-7D19-424E-BC1A-EE1E28C4CF97}.Debug|x86.Build.0 = Debug|Any CPU
		{A1C6294D-7D19-424E-BC1A-EE1E28C4CF97}.Release|Any CPU.ActiveCfg = Release|Any CPU
		{A1C6294D-7D19-424E-BC1A-EE1E28C4CF97}.Release|Any CPU.Build.0 = Release|Any CPU
		{A1C6294D-7D19-424E-BC1A-EE1E28C4CF97}.Release|x64.ActiveCfg = Release|Any CPU
		{A1C6294D-7D19-424E-BC1A-EE1E28C4CF97}.Release|x64.Build.0 = Release|Any CPU
		{A1C6294D-7D19-424E-BC1A-EE1E28C4CF97}.Release|x86.ActiveCfg = Release|Any CPU
		{A1C6294D-7D19-424E-BC1A-EE1E28C4CF97}.Release|x86.Build.0 = Release|Any CPU
		{A6599FED-60AA-49C9-8F14-98AB2851490F}.Debug|Any CPU.ActiveCfg = Debug|Any CPU
		{A6599FED-60AA-49C9-8F14-98AB2851490F}.Debug|Any CPU.Build.0 = Debug|Any CPU
		{A6599FED-60AA-49C9-8F14-98AB2851490F}.Debug|x64.ActiveCfg = Debug|Any CPU
		{A6599FED-60AA-49C9-8F14-98AB2851490F}.Debug|x64.Build.0 = Debug|Any CPU
		{A6599FED-60AA-49C9-8F14-98AB2851490F}.Debug|x86.ActiveCfg = Debug|Any CPU
		{A6599FED-60AA-49C9-8F14-98AB2851490F}.Debug|x86.Build.0 = Debug|Any CPU
		{A6599FED-60AA-49C9-8F14-98AB2851490F}.Release|Any CPU.ActiveCfg = Release|Any CPU
		{A6599FED-60AA-49C9-8F14-98AB2851490F}.Release|Any CPU.Build.0 = Release|Any CPU
		{A6599FED-60AA-49C9-8F14-98AB2851490F}.Release|x64.ActiveCfg = Release|Any CPU
		{A6599FED-60AA-49C9-8F14-98AB2851490F}.Release|x64.Build.0 = Release|Any CPU
		{A6599FED-60AA-49C9-8F14-98AB2851490F}.Release|x86.ActiveCfg = Release|Any CPU
		{A6599FED-60AA-49C9-8F14-98AB2851490F}.Release|x86.Build.0 = Release|Any CPU
		{BAADDA6C-36F0-4E8A-8480-8274ED603586}.Debug|Any CPU.ActiveCfg = Debug|Any CPU
		{BAADDA6C-36F0-4E8A-8480-8274ED603586}.Debug|Any CPU.Build.0 = Debug|Any CPU
		{BAADDA6C-36F0-4E8A-8480-8274ED603586}.Debug|x64.ActiveCfg = Debug|Any CPU
		{BAADDA6C-36F0-4E8A-8480-8274ED603586}.Debug|x64.Build.0 = Debug|Any CPU
		{BAADDA6C-36F0-4E8A-8480-8274ED603586}.Debug|x86.ActiveCfg = Debug|Any CPU
		{BAADDA6C-36F0-4E8A-8480-8274ED603586}.Debug|x86.Build.0 = Debug|Any CPU
		{BAADDA6C-36F0-4E8A-8480-8274ED603586}.Release|Any CPU.ActiveCfg = Release|Any CPU
		{BAADDA6C-36F0-4E8A-8480-8274ED603586}.Release|Any CPU.Build.0 = Release|Any CPU
		{BAADDA6C-36F0-4E8A-8480-8274ED603586}.Release|x64.ActiveCfg = Release|Any CPU
		{BAADDA6C-36F0-4E8A-8480-8274ED603586}.Release|x64.Build.0 = Release|Any CPU
		{BAADDA6C-36F0-4E8A-8480-8274ED603586}.Release|x86.ActiveCfg = Release|Any CPU
		{BAADDA6C-36F0-4E8A-8480-8274ED603586}.Release|x86.Build.0 = Release|Any CPU
		{24EA606B-D948-49EE-BF62-0F4667F0787F}.Debug|Any CPU.ActiveCfg = Debug|Any CPU
		{24EA606B-D948-49EE-BF62-0F4667F0787F}.Debug|Any CPU.Build.0 = Debug|Any CPU
		{24EA606B-D948-49EE-BF62-0F4667F0787F}.Debug|x64.ActiveCfg = Debug|Any CPU
		{24EA606B-D948-49EE-BF62-0F4667F0787F}.Debug|x64.Build.0 = Debug|Any CPU
		{24EA606B-D948-49EE-BF62-0F4667F0787F}.Debug|x86.ActiveCfg = Debug|Any CPU
		{24EA606B-D948-49EE-BF62-0F4667F0787F}.Debug|x86.Build.0 = Debug|Any CPU
		{24EA606B-D948-49EE-BF62-0F4667F0787F}.Release|Any CPU.ActiveCfg = Release|Any CPU
		{24EA606B-D948-49EE-BF62-0F4667F0787F}.Release|Any CPU.Build.0 = Release|Any CPU
		{24EA606B-D948-49EE-BF62-0F4667F0787F}.Release|x64.ActiveCfg = Release|Any CPU
		{24EA606B-D948-49EE-BF62-0F4667F0787F}.Release|x64.Build.0 = Release|Any CPU
		{24EA606B-D948-49EE-BF62-0F4667F0787F}.Release|x86.ActiveCfg = Release|Any CPU
		{24EA606B-D948-49EE-BF62-0F4667F0787F}.Release|x86.Build.0 = Release|Any CPU
		{6ABCFCB4-8DD9-4CD0-90B7-9D2B466AE38F}.Debug|Any CPU.ActiveCfg = Debug|Any CPU
		{6ABCFCB4-8DD9-4CD0-90B7-9D2B466AE38F}.Debug|Any CPU.Build.0 = Debug|Any CPU
		{6ABCFCB4-8DD9-4CD0-90B7-9D2B466AE38F}.Debug|x64.ActiveCfg = Debug|Any CPU
		{6ABCFCB4-8DD9-4CD0-90B7-9D2B466AE38F}.Debug|x64.Build.0 = Debug|Any CPU
		{6ABCFCB4-8DD9-4CD0-90B7-9D2B466AE38F}.Debug|x86.ActiveCfg = Debug|Any CPU
		{6ABCFCB4-8DD9-4CD0-90B7-9D2B466AE38F}.Debug|x86.Build.0 = Debug|Any CPU
		{6ABCFCB4-8DD9-4CD0-90B7-9D2B466AE38F}.Release|Any CPU.ActiveCfg = Release|Any CPU
		{6ABCFCB4-8DD9-4CD0-90B7-9D2B466AE38F}.Release|Any CPU.Build.0 = Release|Any CPU
		{6ABCFCB4-8DD9-4CD0-90B7-9D2B466AE38F}.Release|x64.ActiveCfg = Release|Any CPU
		{6ABCFCB4-8DD9-4CD0-90B7-9D2B466AE38F}.Release|x64.Build.0 = Release|Any CPU
		{6ABCFCB4-8DD9-4CD0-90B7-9D2B466AE38F}.Release|x86.ActiveCfg = Release|Any CPU
		{6ABCFCB4-8DD9-4CD0-90B7-9D2B466AE38F}.Release|x86.Build.0 = Release|Any CPU
		{1288CECB-24B6-4DB2-ACE0-DC1E9CD4C787}.Debug|Any CPU.ActiveCfg = Debug|Any CPU
		{1288CECB-24B6-4DB2-ACE0-DC1E9CD4C787}.Debug|Any CPU.Build.0 = Debug|Any CPU
		{1288CECB-24B6-4DB2-ACE0-DC1E9CD4C787}.Debug|x64.ActiveCfg = Debug|Any CPU
		{1288CECB-24B6-4DB2-ACE0-DC1E9CD4C787}.Debug|x64.Build.0 = Debug|Any CPU
		{1288CECB-24B6-4DB2-ACE0-DC1E9CD4C787}.Debug|x86.ActiveCfg = Debug|Any CPU
		{1288CECB-24B6-4DB2-ACE0-DC1E9CD4C787}.Debug|x86.Build.0 = Debug|Any CPU
		{1288CECB-24B6-4DB2-ACE0-DC1E9CD4C787}.Release|Any CPU.ActiveCfg = Release|Any CPU
		{1288CECB-24B6-4DB2-ACE0-DC1E9CD4C787}.Release|Any CPU.Build.0 = Release|Any CPU
		{1288CECB-24B6-4DB2-ACE0-DC1E9CD4C787}.Release|x64.ActiveCfg = Release|Any CPU
		{1288CECB-24B6-4DB2-ACE0-DC1E9CD4C787}.Release|x64.Build.0 = Release|Any CPU
		{1288CECB-24B6-4DB2-ACE0-DC1E9CD4C787}.Release|x86.ActiveCfg = Release|Any CPU
		{1288CECB-24B6-4DB2-ACE0-DC1E9CD4C787}.Release|x86.Build.0 = Release|Any CPU
		{15C2A6C8-EA81-4895-998E-46D9AF160243}.Debug|Any CPU.ActiveCfg = Debug|Any CPU
		{15C2A6C8-EA81-4895-998E-46D9AF160243}.Debug|Any CPU.Build.0 = Debug|Any CPU
		{15C2A6C8-EA81-4895-998E-46D9AF160243}.Debug|x64.ActiveCfg = Debug|Any CPU
		{15C2A6C8-EA81-4895-998E-46D9AF160243}.Debug|x64.Build.0 = Debug|Any CPU
		{15C2A6C8-EA81-4895-998E-46D9AF160243}.Debug|x86.ActiveCfg = Debug|Any CPU
		{15C2A6C8-EA81-4895-998E-46D9AF160243}.Debug|x86.Build.0 = Debug|Any CPU
		{15C2A6C8-EA81-4895-998E-46D9AF160243}.Release|Any CPU.ActiveCfg = Release|Any CPU
		{15C2A6C8-EA81-4895-998E-46D9AF160243}.Release|Any CPU.Build.0 = Release|Any CPU
		{15C2A6C8-EA81-4895-998E-46D9AF160243}.Release|x64.ActiveCfg = Release|Any CPU
		{15C2A6C8-EA81-4895-998E-46D9AF160243}.Release|x64.Build.0 = Release|Any CPU
		{15C2A6C8-EA81-4895-998E-46D9AF160243}.Release|x86.ActiveCfg = Release|Any CPU
		{15C2A6C8-EA81-4895-998E-46D9AF160243}.Release|x86.Build.0 = Release|Any CPU
		{5207556E-88F9-4B4F-B3C5-A4B0E4234685}.Debug|Any CPU.ActiveCfg = Debug|Any CPU
		{5207556E-88F9-4B4F-B3C5-A4B0E4234685}.Debug|Any CPU.Build.0 = Debug|Any CPU
		{5207556E-88F9-4B4F-B3C5-A4B0E4234685}.Debug|x64.ActiveCfg = Debug|Any CPU
		{5207556E-88F9-4B4F-B3C5-A4B0E4234685}.Debug|x64.Build.0 = Debug|Any CPU
		{5207556E-88F9-4B4F-B3C5-A4B0E4234685}.Debug|x86.ActiveCfg = Debug|Any CPU
		{5207556E-88F9-4B4F-B3C5-A4B0E4234685}.Debug|x86.Build.0 = Debug|Any CPU
		{5207556E-88F9-4B4F-B3C5-A4B0E4234685}.Release|Any CPU.ActiveCfg = Release|Any CPU
		{5207556E-88F9-4B4F-B3C5-A4B0E4234685}.Release|Any CPU.Build.0 = Release|Any CPU
		{5207556E-88F9-4B4F-B3C5-A4B0E4234685}.Release|x64.ActiveCfg = Release|Any CPU
		{5207556E-88F9-4B4F-B3C5-A4B0E4234685}.Release|x64.Build.0 = Release|Any CPU
		{5207556E-88F9-4B4F-B3C5-A4B0E4234685}.Release|x86.ActiveCfg = Release|Any CPU
		{5207556E-88F9-4B4F-B3C5-A4B0E4234685}.Release|x86.Build.0 = Release|Any CPU
		{C3D7BF83-D22D-4FF8-8563-5973FA3D457A}.Debug|Any CPU.ActiveCfg = Debug|Any CPU
		{C3D7BF83-D22D-4FF8-8563-5973FA3D457A}.Debug|Any CPU.Build.0 = Debug|Any CPU
		{C3D7BF83-D22D-4FF8-8563-5973FA3D457A}.Debug|x64.ActiveCfg = Debug|Any CPU
		{C3D7BF83-D22D-4FF8-8563-5973FA3D457A}.Debug|x64.Build.0 = Debug|Any CPU
		{C3D7BF83-D22D-4FF8-8563-5973FA3D457A}.Debug|x86.ActiveCfg = Debug|Any CPU
		{C3D7BF83-D22D-4FF8-8563-5973FA3D457A}.Debug|x86.Build.0 = Debug|Any CPU
		{C3D7BF83-D22D-4FF8-8563-5973FA3D457A}.Release|Any CPU.ActiveCfg = Release|Any CPU
		{C3D7BF83-D22D-4FF8-8563-5973FA3D457A}.Release|Any CPU.Build.0 = Release|Any CPU
		{C3D7BF83-D22D-4FF8-8563-5973FA3D457A}.Release|x64.ActiveCfg = Release|Any CPU
		{C3D7BF83-D22D-4FF8-8563-5973FA3D457A}.Release|x64.Build.0 = Release|Any CPU
		{C3D7BF83-D22D-4FF8-8563-5973FA3D457A}.Release|x86.ActiveCfg = Release|Any CPU
		{C3D7BF83-D22D-4FF8-8563-5973FA3D457A}.Release|x86.Build.0 = Release|Any CPU
		{3427D656-99B0-4205-9362-1004428F51D7}.Debug|Any CPU.ActiveCfg = Debug|Any CPU
		{3427D656-99B0-4205-9362-1004428F51D7}.Debug|Any CPU.Build.0 = Debug|Any CPU
		{3427D656-99B0-4205-9362-1004428F51D7}.Debug|x64.ActiveCfg = Debug|Any CPU
		{3427D656-99B0-4205-9362-1004428F51D7}.Debug|x64.Build.0 = Debug|Any CPU
		{3427D656-99B0-4205-9362-1004428F51D7}.Debug|x86.ActiveCfg = Debug|Any CPU
		{3427D656-99B0-4205-9362-1004428F51D7}.Debug|x86.Build.0 = Debug|Any CPU
		{3427D656-99B0-4205-9362-1004428F51D7}.Release|Any CPU.ActiveCfg = Release|Any CPU
		{3427D656-99B0-4205-9362-1004428F51D7}.Release|Any CPU.Build.0 = Release|Any CPU
		{3427D656-99B0-4205-9362-1004428F51D7}.Release|x64.ActiveCfg = Release|Any CPU
		{3427D656-99B0-4205-9362-1004428F51D7}.Release|x64.Build.0 = Release|Any CPU
		{3427D656-99B0-4205-9362-1004428F51D7}.Release|x86.ActiveCfg = Release|Any CPU
		{3427D656-99B0-4205-9362-1004428F51D7}.Release|x86.Build.0 = Release|Any CPU
		{3CC68FFE-1469-47DF-A951-466006FE32DA}.Debug|Any CPU.ActiveCfg = Debug|Any CPU
		{3CC68FFE-1469-47DF-A951-466006FE32DA}.Debug|Any CPU.Build.0 = Debug|Any CPU
		{3CC68FFE-1469-47DF-A951-466006FE32DA}.Debug|x64.ActiveCfg = Debug|Any CPU
		{3CC68FFE-1469-47DF-A951-466006FE32DA}.Debug|x64.Build.0 = Debug|Any CPU
		{3CC68FFE-1469-47DF-A951-466006FE32DA}.Debug|x86.ActiveCfg = Debug|Any CPU
		{3CC68FFE-1469-47DF-A951-466006FE32DA}.Debug|x86.Build.0 = Debug|Any CPU
		{3CC68FFE-1469-47DF-A951-466006FE32DA}.Release|Any CPU.ActiveCfg = Release|Any CPU
		{3CC68FFE-1469-47DF-A951-466006FE32DA}.Release|Any CPU.Build.0 = Release|Any CPU
		{3CC68FFE-1469-47DF-A951-466006FE32DA}.Release|x64.ActiveCfg = Release|Any CPU
		{3CC68FFE-1469-47DF-A951-466006FE32DA}.Release|x64.Build.0 = Release|Any CPU
		{3CC68FFE-1469-47DF-A951-466006FE32DA}.Release|x86.ActiveCfg = Release|Any CPU
		{3CC68FFE-1469-47DF-A951-466006FE32DA}.Release|x86.Build.0 = Release|Any CPU
		{080F8FDC-B883-4625-9CD3-4711BBD73458}.Debug|Any CPU.ActiveCfg = Debug|Any CPU
		{080F8FDC-B883-4625-9CD3-4711BBD73458}.Debug|Any CPU.Build.0 = Debug|Any CPU
		{080F8FDC-B883-4625-9CD3-4711BBD73458}.Debug|x64.ActiveCfg = Debug|Any CPU
		{080F8FDC-B883-4625-9CD3-4711BBD73458}.Debug|x64.Build.0 = Debug|Any CPU
		{080F8FDC-B883-4625-9CD3-4711BBD73458}.Debug|x86.ActiveCfg = Debug|Any CPU
		{080F8FDC-B883-4625-9CD3-4711BBD73458}.Debug|x86.Build.0 = Debug|Any CPU
		{080F8FDC-B883-4625-9CD3-4711BBD73458}.Release|Any CPU.ActiveCfg = Release|Any CPU
		{080F8FDC-B883-4625-9CD3-4711BBD73458}.Release|Any CPU.Build.0 = Release|Any CPU
		{080F8FDC-B883-4625-9CD3-4711BBD73458}.Release|x64.ActiveCfg = Release|Any CPU
		{080F8FDC-B883-4625-9CD3-4711BBD73458}.Release|x64.Build.0 = Release|Any CPU
		{080F8FDC-B883-4625-9CD3-4711BBD73458}.Release|x86.ActiveCfg = Release|Any CPU
		{080F8FDC-B883-4625-9CD3-4711BBD73458}.Release|x86.Build.0 = Release|Any CPU
		{9E3E4B7D-E14A-478F-A5B0-674ECC30422A}.Debug|Any CPU.ActiveCfg = Debug|Any CPU
		{9E3E4B7D-E14A-478F-A5B0-674ECC30422A}.Debug|Any CPU.Build.0 = Debug|Any CPU
		{9E3E4B7D-E14A-478F-A5B0-674ECC30422A}.Debug|x64.ActiveCfg = Debug|Any CPU
		{9E3E4B7D-E14A-478F-A5B0-674ECC30422A}.Debug|x64.Build.0 = Debug|Any CPU
		{9E3E4B7D-E14A-478F-A5B0-674ECC30422A}.Debug|x86.ActiveCfg = Debug|Any CPU
		{9E3E4B7D-E14A-478F-A5B0-674ECC30422A}.Debug|x86.Build.0 = Debug|Any CPU
		{9E3E4B7D-E14A-478F-A5B0-674ECC30422A}.Release|Any CPU.ActiveCfg = Release|Any CPU
		{9E3E4B7D-E14A-478F-A5B0-674ECC30422A}.Release|Any CPU.Build.0 = Release|Any CPU
		{9E3E4B7D-E14A-478F-A5B0-674ECC30422A}.Release|x64.ActiveCfg = Release|Any CPU
		{9E3E4B7D-E14A-478F-A5B0-674ECC30422A}.Release|x64.Build.0 = Release|Any CPU
		{9E3E4B7D-E14A-478F-A5B0-674ECC30422A}.Release|x86.ActiveCfg = Release|Any CPU
		{9E3E4B7D-E14A-478F-A5B0-674ECC30422A}.Release|x86.Build.0 = Release|Any CPU
		{8956932A-F074-4593-8F2A-299A1B7694CF}.Debug|Any CPU.ActiveCfg = Debug|Any CPU
		{8956932A-F074-4593-8F2A-299A1B7694CF}.Debug|Any CPU.Build.0 = Debug|Any CPU
		{8956932A-F074-4593-8F2A-299A1B7694CF}.Debug|x64.ActiveCfg = Debug|Any CPU
		{8956932A-F074-4593-8F2A-299A1B7694CF}.Debug|x64.Build.0 = Debug|Any CPU
		{8956932A-F074-4593-8F2A-299A1B7694CF}.Debug|x86.ActiveCfg = Debug|Any CPU
		{8956932A-F074-4593-8F2A-299A1B7694CF}.Debug|x86.Build.0 = Debug|Any CPU
		{8956932A-F074-4593-8F2A-299A1B7694CF}.Release|Any CPU.ActiveCfg = Release|Any CPU
		{8956932A-F074-4593-8F2A-299A1B7694CF}.Release|Any CPU.Build.0 = Release|Any CPU
		{8956932A-F074-4593-8F2A-299A1B7694CF}.Release|x64.ActiveCfg = Release|Any CPU
		{8956932A-F074-4593-8F2A-299A1B7694CF}.Release|x64.Build.0 = Release|Any CPU
		{8956932A-F074-4593-8F2A-299A1B7694CF}.Release|x86.ActiveCfg = Release|Any CPU
		{8956932A-F074-4593-8F2A-299A1B7694CF}.Release|x86.Build.0 = Release|Any CPU
		{601A3C11-6E4A-4E21-9908-BEA29902D203}.Debug|Any CPU.ActiveCfg = Debug|Any CPU
		{601A3C11-6E4A-4E21-9908-BEA29902D203}.Debug|Any CPU.Build.0 = Debug|Any CPU
		{601A3C11-6E4A-4E21-9908-BEA29902D203}.Debug|x64.ActiveCfg = Debug|Any CPU
		{601A3C11-6E4A-4E21-9908-BEA29902D203}.Debug|x64.Build.0 = Debug|Any CPU
		{601A3C11-6E4A-4E21-9908-BEA29902D203}.Debug|x86.ActiveCfg = Debug|Any CPU
		{601A3C11-6E4A-4E21-9908-BEA29902D203}.Debug|x86.Build.0 = Debug|Any CPU
		{601A3C11-6E4A-4E21-9908-BEA29902D203}.Release|Any CPU.ActiveCfg = Release|Any CPU
		{601A3C11-6E4A-4E21-9908-BEA29902D203}.Release|Any CPU.Build.0 = Release|Any CPU
		{601A3C11-6E4A-4E21-9908-BEA29902D203}.Release|x64.ActiveCfg = Release|Any CPU
		{601A3C11-6E4A-4E21-9908-BEA29902D203}.Release|x64.Build.0 = Release|Any CPU
		{601A3C11-6E4A-4E21-9908-BEA29902D203}.Release|x86.ActiveCfg = Release|Any CPU
		{601A3C11-6E4A-4E21-9908-BEA29902D203}.Release|x86.Build.0 = Release|Any CPU
		{D533393C-08D4-4701-B588-7DAD9AD57274}.Debug|Any CPU.ActiveCfg = Debug|Any CPU
		{D533393C-08D4-4701-B588-7DAD9AD57274}.Debug|Any CPU.Build.0 = Debug|Any CPU
		{D533393C-08D4-4701-B588-7DAD9AD57274}.Debug|x64.ActiveCfg = Debug|Any CPU
		{D533393C-08D4-4701-B588-7DAD9AD57274}.Debug|x64.Build.0 = Debug|Any CPU
		{D533393C-08D4-4701-B588-7DAD9AD57274}.Debug|x86.ActiveCfg = Debug|Any CPU
		{D533393C-08D4-4701-B588-7DAD9AD57274}.Debug|x86.Build.0 = Debug|Any CPU
		{D533393C-08D4-4701-B588-7DAD9AD57274}.Release|Any CPU.ActiveCfg = Release|Any CPU
		{D533393C-08D4-4701-B588-7DAD9AD57274}.Release|Any CPU.Build.0 = Release|Any CPU
		{D533393C-08D4-4701-B588-7DAD9AD57274}.Release|x64.ActiveCfg = Release|Any CPU
		{D533393C-08D4-4701-B588-7DAD9AD57274}.Release|x64.Build.0 = Release|Any CPU
		{D533393C-08D4-4701-B588-7DAD9AD57274}.Release|x86.ActiveCfg = Release|Any CPU
		{D533393C-08D4-4701-B588-7DAD9AD57274}.Release|x86.Build.0 = Release|Any CPU
		{45D27A14-566D-486D-BBC5-01FDA7E5A2FE}.Debug|Any CPU.ActiveCfg = Debug|Any CPU
		{45D27A14-566D-486D-BBC5-01FDA7E5A2FE}.Debug|Any CPU.Build.0 = Debug|Any CPU
		{45D27A14-566D-486D-BBC5-01FDA7E5A2FE}.Debug|x64.ActiveCfg = Debug|Any CPU
		{45D27A14-566D-486D-BBC5-01FDA7E5A2FE}.Debug|x64.Build.0 = Debug|Any CPU
		{45D27A14-566D-486D-BBC5-01FDA7E5A2FE}.Debug|x86.ActiveCfg = Debug|Any CPU
		{45D27A14-566D-486D-BBC5-01FDA7E5A2FE}.Debug|x86.Build.0 = Debug|Any CPU
		{45D27A14-566D-486D-BBC5-01FDA7E5A2FE}.Release|Any CPU.ActiveCfg = Release|Any CPU
		{45D27A14-566D-486D-BBC5-01FDA7E5A2FE}.Release|Any CPU.Build.0 = Release|Any CPU
		{45D27A14-566D-486D-BBC5-01FDA7E5A2FE}.Release|x64.ActiveCfg = Release|Any CPU
		{45D27A14-566D-486D-BBC5-01FDA7E5A2FE}.Release|x64.Build.0 = Release|Any CPU
		{45D27A14-566D-486D-BBC5-01FDA7E5A2FE}.Release|x86.ActiveCfg = Release|Any CPU
		{45D27A14-566D-486D-BBC5-01FDA7E5A2FE}.Release|x86.Build.0 = Release|Any CPU
		{0D5315B3-3E11-4BDC-B4CD-0170CD94FF56}.Debug|Any CPU.ActiveCfg = Debug|Any CPU
		{0D5315B3-3E11-4BDC-B4CD-0170CD94FF56}.Debug|Any CPU.Build.0 = Debug|Any CPU
		{0D5315B3-3E11-4BDC-B4CD-0170CD94FF56}.Debug|x64.ActiveCfg = Debug|Any CPU
		{0D5315B3-3E11-4BDC-B4CD-0170CD94FF56}.Debug|x64.Build.0 = Debug|Any CPU
		{0D5315B3-3E11-4BDC-B4CD-0170CD94FF56}.Debug|x86.ActiveCfg = Debug|Any CPU
		{0D5315B3-3E11-4BDC-B4CD-0170CD94FF56}.Debug|x86.Build.0 = Debug|Any CPU
		{0D5315B3-3E11-4BDC-B4CD-0170CD94FF56}.Release|Any CPU.ActiveCfg = Release|Any CPU
		{0D5315B3-3E11-4BDC-B4CD-0170CD94FF56}.Release|Any CPU.Build.0 = Release|Any CPU
		{0D5315B3-3E11-4BDC-B4CD-0170CD94FF56}.Release|x64.ActiveCfg = Release|Any CPU
		{0D5315B3-3E11-4BDC-B4CD-0170CD94FF56}.Release|x64.Build.0 = Release|Any CPU
		{0D5315B3-3E11-4BDC-B4CD-0170CD94FF56}.Release|x86.ActiveCfg = Release|Any CPU
		{0D5315B3-3E11-4BDC-B4CD-0170CD94FF56}.Release|x86.Build.0 = Release|Any CPU
		{ED6684C0-C492-416C-9197-EE1386A86F77}.Debug|Any CPU.ActiveCfg = Debug|Any CPU
		{ED6684C0-C492-416C-9197-EE1386A86F77}.Debug|Any CPU.Build.0 = Debug|Any CPU
		{ED6684C0-C492-416C-9197-EE1386A86F77}.Debug|x64.ActiveCfg = Debug|Any CPU
		{ED6684C0-C492-416C-9197-EE1386A86F77}.Debug|x64.Build.0 = Debug|Any CPU
		{ED6684C0-C492-416C-9197-EE1386A86F77}.Debug|x86.ActiveCfg = Debug|Any CPU
		{ED6684C0-C492-416C-9197-EE1386A86F77}.Debug|x86.Build.0 = Debug|Any CPU
		{ED6684C0-C492-416C-9197-EE1386A86F77}.Release|Any CPU.ActiveCfg = Release|Any CPU
		{ED6684C0-C492-416C-9197-EE1386A86F77}.Release|Any CPU.Build.0 = Release|Any CPU
		{ED6684C0-C492-416C-9197-EE1386A86F77}.Release|x64.ActiveCfg = Release|Any CPU
		{ED6684C0-C492-416C-9197-EE1386A86F77}.Release|x64.Build.0 = Release|Any CPU
		{ED6684C0-C492-416C-9197-EE1386A86F77}.Release|x86.ActiveCfg = Release|Any CPU
		{ED6684C0-C492-416C-9197-EE1386A86F77}.Release|x86.Build.0 = Release|Any CPU
		{8375008C-FBD0-4BA8-9ACA-01C416C013B8}.Debug|Any CPU.ActiveCfg = Debug|Any CPU
		{8375008C-FBD0-4BA8-9ACA-01C416C013B8}.Debug|Any CPU.Build.0 = Debug|Any CPU
		{8375008C-FBD0-4BA8-9ACA-01C416C013B8}.Debug|x64.ActiveCfg = Debug|Any CPU
		{8375008C-FBD0-4BA8-9ACA-01C416C013B8}.Debug|x64.Build.0 = Debug|Any CPU
		{8375008C-FBD0-4BA8-9ACA-01C416C013B8}.Debug|x86.ActiveCfg = Debug|Any CPU
		{8375008C-FBD0-4BA8-9ACA-01C416C013B8}.Debug|x86.Build.0 = Debug|Any CPU
		{8375008C-FBD0-4BA8-9ACA-01C416C013B8}.Release|Any CPU.ActiveCfg = Release|Any CPU
		{8375008C-FBD0-4BA8-9ACA-01C416C013B8}.Release|Any CPU.Build.0 = Release|Any CPU
		{8375008C-FBD0-4BA8-9ACA-01C416C013B8}.Release|x64.ActiveCfg = Release|Any CPU
		{8375008C-FBD0-4BA8-9ACA-01C416C013B8}.Release|x64.Build.0 = Release|Any CPU
		{8375008C-FBD0-4BA8-9ACA-01C416C013B8}.Release|x86.ActiveCfg = Release|Any CPU
		{8375008C-FBD0-4BA8-9ACA-01C416C013B8}.Release|x86.Build.0 = Release|Any CPU
		{F49A8F02-C027-408F-ADCF-826351DB433C}.Debug|Any CPU.ActiveCfg = Debug|Any CPU
		{F49A8F02-C027-408F-ADCF-826351DB433C}.Debug|Any CPU.Build.0 = Debug|Any CPU
		{F49A8F02-C027-408F-ADCF-826351DB433C}.Debug|x64.ActiveCfg = Debug|Any CPU
		{F49A8F02-C027-408F-ADCF-826351DB433C}.Debug|x64.Build.0 = Debug|Any CPU
		{F49A8F02-C027-408F-ADCF-826351DB433C}.Debug|x86.ActiveCfg = Debug|Any CPU
		{F49A8F02-C027-408F-ADCF-826351DB433C}.Debug|x86.Build.0 = Debug|Any CPU
		{F49A8F02-C027-408F-ADCF-826351DB433C}.Release|Any CPU.ActiveCfg = Release|Any CPU
		{F49A8F02-C027-408F-ADCF-826351DB433C}.Release|Any CPU.Build.0 = Release|Any CPU
		{F49A8F02-C027-408F-ADCF-826351DB433C}.Release|x64.ActiveCfg = Release|Any CPU
		{F49A8F02-C027-408F-ADCF-826351DB433C}.Release|x64.Build.0 = Release|Any CPU
		{F49A8F02-C027-408F-ADCF-826351DB433C}.Release|x86.ActiveCfg = Release|Any CPU
		{F49A8F02-C027-408F-ADCF-826351DB433C}.Release|x86.Build.0 = Release|Any CPU
		{80F4A138-5BF1-4FFC-AF74-A2ABBF281E81}.Debug|Any CPU.ActiveCfg = Debug|Any CPU
		{80F4A138-5BF1-4FFC-AF74-A2ABBF281E81}.Debug|Any CPU.Build.0 = Debug|Any CPU
		{80F4A138-5BF1-4FFC-AF74-A2ABBF281E81}.Debug|x64.ActiveCfg = Debug|Any CPU
		{80F4A138-5BF1-4FFC-AF74-A2ABBF281E81}.Debug|x64.Build.0 = Debug|Any CPU
		{80F4A138-5BF1-4FFC-AF74-A2ABBF281E81}.Debug|x86.ActiveCfg = Debug|Any CPU
		{80F4A138-5BF1-4FFC-AF74-A2ABBF281E81}.Debug|x86.Build.0 = Debug|Any CPU
		{80F4A138-5BF1-4FFC-AF74-A2ABBF281E81}.Release|Any CPU.ActiveCfg = Release|Any CPU
		{80F4A138-5BF1-4FFC-AF74-A2ABBF281E81}.Release|Any CPU.Build.0 = Release|Any CPU
		{80F4A138-5BF1-4FFC-AF74-A2ABBF281E81}.Release|x64.ActiveCfg = Release|Any CPU
		{80F4A138-5BF1-4FFC-AF74-A2ABBF281E81}.Release|x64.Build.0 = Release|Any CPU
		{80F4A138-5BF1-4FFC-AF74-A2ABBF281E81}.Release|x86.ActiveCfg = Release|Any CPU
		{80F4A138-5BF1-4FFC-AF74-A2ABBF281E81}.Release|x86.Build.0 = Release|Any CPU
		{E23B790D-3289-44D9-9231-30A561F3687F}.Debug|Any CPU.ActiveCfg = Debug|Any CPU
		{E23B790D-3289-44D9-9231-30A561F3687F}.Debug|Any CPU.Build.0 = Debug|Any CPU
		{E23B790D-3289-44D9-9231-30A561F3687F}.Debug|x64.ActiveCfg = Debug|Any CPU
		{E23B790D-3289-44D9-9231-30A561F3687F}.Debug|x64.Build.0 = Debug|Any CPU
		{E23B790D-3289-44D9-9231-30A561F3687F}.Debug|x86.ActiveCfg = Debug|Any CPU
		{E23B790D-3289-44D9-9231-30A561F3687F}.Debug|x86.Build.0 = Debug|Any CPU
		{E23B790D-3289-44D9-9231-30A561F3687F}.Release|Any CPU.ActiveCfg = Release|Any CPU
		{E23B790D-3289-44D9-9231-30A561F3687F}.Release|Any CPU.Build.0 = Release|Any CPU
		{E23B790D-3289-44D9-9231-30A561F3687F}.Release|x64.ActiveCfg = Release|Any CPU
		{E23B790D-3289-44D9-9231-30A561F3687F}.Release|x64.Build.0 = Release|Any CPU
		{E23B790D-3289-44D9-9231-30A561F3687F}.Release|x86.ActiveCfg = Release|Any CPU
		{E23B790D-3289-44D9-9231-30A561F3687F}.Release|x86.Build.0 = Release|Any CPU
		{E8D28908-6C05-4C81-83CC-FC1ADEEE8C24}.Debug|Any CPU.ActiveCfg = Debug|Any CPU
		{E8D28908-6C05-4C81-83CC-FC1ADEEE8C24}.Debug|Any CPU.Build.0 = Debug|Any CPU
		{E8D28908-6C05-4C81-83CC-FC1ADEEE8C24}.Debug|x64.ActiveCfg = Debug|Any CPU
		{E8D28908-6C05-4C81-83CC-FC1ADEEE8C24}.Debug|x64.Build.0 = Debug|Any CPU
		{E8D28908-6C05-4C81-83CC-FC1ADEEE8C24}.Debug|x86.ActiveCfg = Debug|Any CPU
		{E8D28908-6C05-4C81-83CC-FC1ADEEE8C24}.Debug|x86.Build.0 = Debug|Any CPU
		{E8D28908-6C05-4C81-83CC-FC1ADEEE8C24}.Release|Any CPU.ActiveCfg = Release|Any CPU
		{E8D28908-6C05-4C81-83CC-FC1ADEEE8C24}.Release|Any CPU.Build.0 = Release|Any CPU
		{E8D28908-6C05-4C81-83CC-FC1ADEEE8C24}.Release|x64.ActiveCfg = Release|Any CPU
		{E8D28908-6C05-4C81-83CC-FC1ADEEE8C24}.Release|x64.Build.0 = Release|Any CPU
		{E8D28908-6C05-4C81-83CC-FC1ADEEE8C24}.Release|x86.ActiveCfg = Release|Any CPU
		{E8D28908-6C05-4C81-83CC-FC1ADEEE8C24}.Release|x86.Build.0 = Release|Any CPU
		{650EA371-AFE1-4CD7-BFFE-FCB716C16AFA}.Debug|Any CPU.ActiveCfg = Debug|Any CPU
		{650EA371-AFE1-4CD7-BFFE-FCB716C16AFA}.Debug|Any CPU.Build.0 = Debug|Any CPU
		{650EA371-AFE1-4CD7-BFFE-FCB716C16AFA}.Debug|x64.ActiveCfg = Debug|Any CPU
		{650EA371-AFE1-4CD7-BFFE-FCB716C16AFA}.Debug|x64.Build.0 = Debug|Any CPU
		{650EA371-AFE1-4CD7-BFFE-FCB716C16AFA}.Debug|x86.ActiveCfg = Debug|Any CPU
		{650EA371-AFE1-4CD7-BFFE-FCB716C16AFA}.Debug|x86.Build.0 = Debug|Any CPU
		{650EA371-AFE1-4CD7-BFFE-FCB716C16AFA}.Release|Any CPU.ActiveCfg = Release|Any CPU
		{650EA371-AFE1-4CD7-BFFE-FCB716C16AFA}.Release|Any CPU.Build.0 = Release|Any CPU
		{650EA371-AFE1-4CD7-BFFE-FCB716C16AFA}.Release|x64.ActiveCfg = Release|Any CPU
		{650EA371-AFE1-4CD7-BFFE-FCB716C16AFA}.Release|x64.Build.0 = Release|Any CPU
		{650EA371-AFE1-4CD7-BFFE-FCB716C16AFA}.Release|x86.ActiveCfg = Release|Any CPU
		{650EA371-AFE1-4CD7-BFFE-FCB716C16AFA}.Release|x86.Build.0 = Release|Any CPU
		{C18A550D-289C-48EA-B710-48D1390F62D6}.Debug|Any CPU.ActiveCfg = Debug|Any CPU
		{C18A550D-289C-48EA-B710-48D1390F62D6}.Debug|Any CPU.Build.0 = Debug|Any CPU
		{C18A550D-289C-48EA-B710-48D1390F62D6}.Debug|x64.ActiveCfg = Debug|Any CPU
		{C18A550D-289C-48EA-B710-48D1390F62D6}.Debug|x64.Build.0 = Debug|Any CPU
		{C18A550D-289C-48EA-B710-48D1390F62D6}.Debug|x86.ActiveCfg = Debug|Any CPU
		{C18A550D-289C-48EA-B710-48D1390F62D6}.Debug|x86.Build.0 = Debug|Any CPU
		{C18A550D-289C-48EA-B710-48D1390F62D6}.Release|Any CPU.ActiveCfg = Release|Any CPU
		{C18A550D-289C-48EA-B710-48D1390F62D6}.Release|Any CPU.Build.0 = Release|Any CPU
		{C18A550D-289C-48EA-B710-48D1390F62D6}.Release|x64.ActiveCfg = Release|Any CPU
		{C18A550D-289C-48EA-B710-48D1390F62D6}.Release|x64.Build.0 = Release|Any CPU
		{C18A550D-289C-48EA-B710-48D1390F62D6}.Release|x86.ActiveCfg = Release|Any CPU
		{C18A550D-289C-48EA-B710-48D1390F62D6}.Release|x86.Build.0 = Release|Any CPU
		{E239D5F8-8A58-4A7A-AA81-C5F27CBA6BB5}.Debug|Any CPU.ActiveCfg = Debug|Any CPU
		{E239D5F8-8A58-4A7A-AA81-C5F27CBA6BB5}.Debug|Any CPU.Build.0 = Debug|Any CPU
		{E239D5F8-8A58-4A7A-AA81-C5F27CBA6BB5}.Debug|x64.ActiveCfg = Debug|Any CPU
		{E239D5F8-8A58-4A7A-AA81-C5F27CBA6BB5}.Debug|x64.Build.0 = Debug|Any CPU
		{E239D5F8-8A58-4A7A-AA81-C5F27CBA6BB5}.Debug|x86.ActiveCfg = Debug|Any CPU
		{E239D5F8-8A58-4A7A-AA81-C5F27CBA6BB5}.Debug|x86.Build.0 = Debug|Any CPU
		{E239D5F8-8A58-4A7A-AA81-C5F27CBA6BB5}.Release|Any CPU.ActiveCfg = Release|Any CPU
		{E239D5F8-8A58-4A7A-AA81-C5F27CBA6BB5}.Release|Any CPU.Build.0 = Release|Any CPU
		{E239D5F8-8A58-4A7A-AA81-C5F27CBA6BB5}.Release|x64.ActiveCfg = Release|Any CPU
		{E239D5F8-8A58-4A7A-AA81-C5F27CBA6BB5}.Release|x64.Build.0 = Release|Any CPU
		{E239D5F8-8A58-4A7A-AA81-C5F27CBA6BB5}.Release|x86.ActiveCfg = Release|Any CPU
		{E239D5F8-8A58-4A7A-AA81-C5F27CBA6BB5}.Release|x86.Build.0 = Release|Any CPU
		{F5B588BD-28FD-4DCA-B0C5-4738F639B2C6}.Debug|Any CPU.ActiveCfg = Debug|Any CPU
		{F5B588BD-28FD-4DCA-B0C5-4738F639B2C6}.Debug|Any CPU.Build.0 = Debug|Any CPU
		{F5B588BD-28FD-4DCA-B0C5-4738F639B2C6}.Debug|x64.ActiveCfg = Debug|Any CPU
		{F5B588BD-28FD-4DCA-B0C5-4738F639B2C6}.Debug|x64.Build.0 = Debug|Any CPU
		{F5B588BD-28FD-4DCA-B0C5-4738F639B2C6}.Debug|x86.ActiveCfg = Debug|Any CPU
		{F5B588BD-28FD-4DCA-B0C5-4738F639B2C6}.Debug|x86.Build.0 = Debug|Any CPU
		{F5B588BD-28FD-4DCA-B0C5-4738F639B2C6}.Release|Any CPU.ActiveCfg = Release|Any CPU
		{F5B588BD-28FD-4DCA-B0C5-4738F639B2C6}.Release|Any CPU.Build.0 = Release|Any CPU
		{F5B588BD-28FD-4DCA-B0C5-4738F639B2C6}.Release|x64.ActiveCfg = Release|Any CPU
		{F5B588BD-28FD-4DCA-B0C5-4738F639B2C6}.Release|x64.Build.0 = Release|Any CPU
		{F5B588BD-28FD-4DCA-B0C5-4738F639B2C6}.Release|x86.ActiveCfg = Release|Any CPU
		{F5B588BD-28FD-4DCA-B0C5-4738F639B2C6}.Release|x86.Build.0 = Release|Any CPU
		{52D9413D-B234-4BCC-8B09-B31061A5D438}.Debug|Any CPU.ActiveCfg = Debug|Any CPU
		{52D9413D-B234-4BCC-8B09-B31061A5D438}.Debug|Any CPU.Build.0 = Debug|Any CPU
		{52D9413D-B234-4BCC-8B09-B31061A5D438}.Debug|x64.ActiveCfg = Debug|Any CPU
		{52D9413D-B234-4BCC-8B09-B31061A5D438}.Debug|x64.Build.0 = Debug|Any CPU
		{52D9413D-B234-4BCC-8B09-B31061A5D438}.Debug|x86.ActiveCfg = Debug|Any CPU
		{52D9413D-B234-4BCC-8B09-B31061A5D438}.Debug|x86.Build.0 = Debug|Any CPU
		{52D9413D-B234-4BCC-8B09-B31061A5D438}.Release|Any CPU.ActiveCfg = Release|Any CPU
		{52D9413D-B234-4BCC-8B09-B31061A5D438}.Release|Any CPU.Build.0 = Release|Any CPU
		{52D9413D-B234-4BCC-8B09-B31061A5D438}.Release|x64.ActiveCfg = Release|Any CPU
		{52D9413D-B234-4BCC-8B09-B31061A5D438}.Release|x64.Build.0 = Release|Any CPU
		{52D9413D-B234-4BCC-8B09-B31061A5D438}.Release|x86.ActiveCfg = Release|Any CPU
		{52D9413D-B234-4BCC-8B09-B31061A5D438}.Release|x86.Build.0 = Release|Any CPU
		{0C630572-2646-4E7B-B8D3-8079F2BD9B8A}.Debug|Any CPU.ActiveCfg = Debug|Any CPU
		{0C630572-2646-4E7B-B8D3-8079F2BD9B8A}.Debug|Any CPU.Build.0 = Debug|Any CPU
		{0C630572-2646-4E7B-B8D3-8079F2BD9B8A}.Debug|x64.ActiveCfg = Debug|Any CPU
		{0C630572-2646-4E7B-B8D3-8079F2BD9B8A}.Debug|x64.Build.0 = Debug|Any CPU
		{0C630572-2646-4E7B-B8D3-8079F2BD9B8A}.Debug|x86.ActiveCfg = Debug|Any CPU
		{0C630572-2646-4E7B-B8D3-8079F2BD9B8A}.Debug|x86.Build.0 = Debug|Any CPU
		{0C630572-2646-4E7B-B8D3-8079F2BD9B8A}.Release|Any CPU.ActiveCfg = Release|Any CPU
		{0C630572-2646-4E7B-B8D3-8079F2BD9B8A}.Release|Any CPU.Build.0 = Release|Any CPU
		{0C630572-2646-4E7B-B8D3-8079F2BD9B8A}.Release|x64.ActiveCfg = Release|Any CPU
		{0C630572-2646-4E7B-B8D3-8079F2BD9B8A}.Release|x64.Build.0 = Release|Any CPU
		{0C630572-2646-4E7B-B8D3-8079F2BD9B8A}.Release|x86.ActiveCfg = Release|Any CPU
		{0C630572-2646-4E7B-B8D3-8079F2BD9B8A}.Release|x86.Build.0 = Release|Any CPU
		{0683C2F8-7D6A-40BD-9D0D-4569F07042DB}.Debug|Any CPU.ActiveCfg = Debug|Any CPU
		{0683C2F8-7D6A-40BD-9D0D-4569F07042DB}.Debug|Any CPU.Build.0 = Debug|Any CPU
		{0683C2F8-7D6A-40BD-9D0D-4569F07042DB}.Debug|x64.ActiveCfg = Debug|Any CPU
		{0683C2F8-7D6A-40BD-9D0D-4569F07042DB}.Debug|x64.Build.0 = Debug|Any CPU
		{0683C2F8-7D6A-40BD-9D0D-4569F07042DB}.Debug|x86.ActiveCfg = Debug|Any CPU
		{0683C2F8-7D6A-40BD-9D0D-4569F07042DB}.Debug|x86.Build.0 = Debug|Any CPU
		{0683C2F8-7D6A-40BD-9D0D-4569F07042DB}.Release|Any CPU.ActiveCfg = Release|Any CPU
		{0683C2F8-7D6A-40BD-9D0D-4569F07042DB}.Release|Any CPU.Build.0 = Release|Any CPU
		{0683C2F8-7D6A-40BD-9D0D-4569F07042DB}.Release|x64.ActiveCfg = Release|Any CPU
		{0683C2F8-7D6A-40BD-9D0D-4569F07042DB}.Release|x64.Build.0 = Release|Any CPU
		{0683C2F8-7D6A-40BD-9D0D-4569F07042DB}.Release|x86.ActiveCfg = Release|Any CPU
		{0683C2F8-7D6A-40BD-9D0D-4569F07042DB}.Release|x86.Build.0 = Release|Any CPU
		{F263A5DA-B9F5-4DAA-90D3-8194A1FC182D}.Debug|Any CPU.ActiveCfg = Debug|Any CPU
		{F263A5DA-B9F5-4DAA-90D3-8194A1FC182D}.Debug|Any CPU.Build.0 = Debug|Any CPU
		{F263A5DA-B9F5-4DAA-90D3-8194A1FC182D}.Debug|x64.ActiveCfg = Debug|Any CPU
		{F263A5DA-B9F5-4DAA-90D3-8194A1FC182D}.Debug|x64.Build.0 = Debug|Any CPU
		{F263A5DA-B9F5-4DAA-90D3-8194A1FC182D}.Debug|x86.ActiveCfg = Debug|Any CPU
		{F263A5DA-B9F5-4DAA-90D3-8194A1FC182D}.Debug|x86.Build.0 = Debug|Any CPU
		{F263A5DA-B9F5-4DAA-90D3-8194A1FC182D}.Release|Any CPU.ActiveCfg = Release|Any CPU
		{F263A5DA-B9F5-4DAA-90D3-8194A1FC182D}.Release|Any CPU.Build.0 = Release|Any CPU
		{F263A5DA-B9F5-4DAA-90D3-8194A1FC182D}.Release|x64.ActiveCfg = Release|Any CPU
		{F263A5DA-B9F5-4DAA-90D3-8194A1FC182D}.Release|x64.Build.0 = Release|Any CPU
		{F263A5DA-B9F5-4DAA-90D3-8194A1FC182D}.Release|x86.ActiveCfg = Release|Any CPU
		{F263A5DA-B9F5-4DAA-90D3-8194A1FC182D}.Release|x86.Build.0 = Release|Any CPU
		{F468E890-D038-4B46-A3E3-65BAEDD8142B}.Debug|Any CPU.ActiveCfg = Debug|Any CPU
		{F468E890-D038-4B46-A3E3-65BAEDD8142B}.Debug|Any CPU.Build.0 = Debug|Any CPU
		{F468E890-D038-4B46-A3E3-65BAEDD8142B}.Debug|x64.ActiveCfg = Debug|Any CPU
		{F468E890-D038-4B46-A3E3-65BAEDD8142B}.Debug|x64.Build.0 = Debug|Any CPU
		{F468E890-D038-4B46-A3E3-65BAEDD8142B}.Debug|x86.ActiveCfg = Debug|Any CPU
		{F468E890-D038-4B46-A3E3-65BAEDD8142B}.Debug|x86.Build.0 = Debug|Any CPU
		{F468E890-D038-4B46-A3E3-65BAEDD8142B}.Release|Any CPU.ActiveCfg = Release|Any CPU
		{F468E890-D038-4B46-A3E3-65BAEDD8142B}.Release|Any CPU.Build.0 = Release|Any CPU
		{F468E890-D038-4B46-A3E3-65BAEDD8142B}.Release|x64.ActiveCfg = Release|Any CPU
		{F468E890-D038-4B46-A3E3-65BAEDD8142B}.Release|x64.Build.0 = Release|Any CPU
		{F468E890-D038-4B46-A3E3-65BAEDD8142B}.Release|x86.ActiveCfg = Release|Any CPU
		{F468E890-D038-4B46-A3E3-65BAEDD8142B}.Release|x86.Build.0 = Release|Any CPU
	EndGlobalSection
	GlobalSection(SolutionProperties) = preSolution
		HideSolutionNode = FALSE
	EndGlobalSection
	GlobalSection(ExtensibilityGlobals) = postSolution
		SolutionGuid = {0758B656-06DF-4611-BC34-0F972463BC02}
	EndGlobalSection
EndGlobal
